Microsoft Visual Studio Solution File, Format Version 11.00
# Visual Studio 2010
Project("{8BC9CEB8-8B4A-11D0-8D11-00A0C91BC942}") = "TKCDF", "TKCDF.vcxproj", "{6C9511F4-1923-0054-1286-F00A574F6CF0}"
EndProject
Project("{8BC9CEB8-8B4A-11D0-8D11-00A0C91BC942}") = "PTKernel", "PTKernel.vcxproj", "{CDAD789A-0E4F-0485-0D0B-8B401FC80B41}"
EndProject
Project("{8BC9CEB8-8B4A-11D0-8D11-00A0C91BC942}") = "TKLCAF", "TKLCAF.vcxproj", "{F212F1A3-0ED9-15A2-03AF-DA65B214217A}"
	ProjectSection(ProjectDependencies) = postProject
		{6C9511F4-1923-0054-1286-F00A574F6CF0} = {6C9511F4-1923-0054-1286-F00A574F6CF0}
	EndProjectSection
EndProject
Project("{8BC9CEB8-8B4A-11D0-8D11-00A0C91BC942}") = "FWOSPlugin", "FWOSPlugin.vcxproj", "{7C531E86-1349-1933-0F47-9CAC0F74D45F}"
	ProjectSection(ProjectDependencies) = postProject
		{6C9511F4-1923-0054-1286-F00A574F6CF0} = {6C9511F4-1923-0054-1286-F00A574F6CF0}
	EndProjectSection
EndProject
Project("{8BC9CEB8-8B4A-11D0-8D11-00A0C91BC942}") = "TKPShape", "TKPShape.vcxproj", "{9A00EA91-12A6-03C6-0BFC-10CE1A8FF8EC}"
	ProjectSection(ProjectDependencies) = postProject
		{CDAD789A-0E4F-0485-0D0B-8B401FC80B41} = {CDAD789A-0E4F-0485-0D0B-8B401FC80B41}
	EndProjectSection
EndProject
Project("{8BC9CEB8-8B4A-11D0-8D11-00A0C91BC942}") = "TKCAF", "TKCAF.vcxproj", "{BD065ACB-0022-00FD-189D-B2F0118F2D62}"
	ProjectSection(ProjectDependencies) = postProject
		{6C9511F4-1923-0054-1286-F00A574F6CF0} = {6C9511F4-1923-0054-1286-F00A574F6CF0}
		{F212F1A3-0ED9-15A2-03AF-DA65B214217A} = {F212F1A3-0ED9-15A2-03AF-DA65B214217A}
	EndProjectSection
EndProject
Project("{8BC9CEB8-8B4A-11D0-8D11-00A0C91BC942}") = "TKBinL", "TKBinL.vcxproj", "{03E30303-007A-1014-052C-BD8AC451BB23}"
	ProjectSection(ProjectDependencies) = postProject
		{6C9511F4-1923-0054-1286-F00A574F6CF0} = {6C9511F4-1923-0054-1286-F00A574F6CF0}
		{F212F1A3-0ED9-15A2-03AF-DA65B214217A} = {F212F1A3-0ED9-15A2-03AF-DA65B214217A}
	EndProjectSection
EndProject
Project("{8BC9CEB8-8B4A-11D0-8D11-00A0C91BC942}") = "TKXmlL", "TKXmlL.vcxproj", "{0E0C34EE-02A3-01A5-1987-C3835E08E1DC}"
	ProjectSection(ProjectDependencies) = postProject
		{6C9511F4-1923-0054-1286-F00A574F6CF0} = {6C9511F4-1923-0054-1286-F00A574F6CF0}
		{F212F1A3-0ED9-15A2-03AF-DA65B214217A} = {F212F1A3-0ED9-15A2-03AF-DA65B214217A}
	EndProjectSection
EndProject
Project("{8BC9CEB8-8B4A-11D0-8D11-00A0C91BC942}") = "TKPLCAF", "TKPLCAF.vcxproj", "{3BFCB16D-058E-01FF-0033-AC4F24E31EFC}"
	ProjectSection(ProjectDependencies) = postProject
		{6C9511F4-1923-0054-1286-F00A574F6CF0} = {6C9511F4-1923-0054-1286-F00A574F6CF0}
		{CDAD789A-0E4F-0485-0D0B-8B401FC80B41} = {CDAD789A-0E4F-0485-0D0B-8B401FC80B41}
		{F212F1A3-0ED9-15A2-03AF-DA65B214217A} = {F212F1A3-0ED9-15A2-03AF-DA65B214217A}
	EndProjectSection
EndProject
Project("{8BC9CEB8-8B4A-11D0-8D11-00A0C91BC942}") = "TKTObj", "TKTObj.vcxproj", "{D3C48108-13E9-063A-179D-89FB660436F4}"
	ProjectSection(ProjectDependencies) = postProject
		{6C9511F4-1923-0054-1286-F00A574F6CF0} = {6C9511F4-1923-0054-1286-F00A574F6CF0}
		{F212F1A3-0ED9-15A2-03AF-DA65B214217A} = {F212F1A3-0ED9-15A2-03AF-DA65B214217A}
	EndProjectSection
EndProject
Project("{8BC9CEB8-8B4A-11D0-8D11-00A0C91BC942}") = "TKShapeSchema", "TKShapeSchema.vcxproj", "{CEDEF3FE-0D2C-0A02-0CB8-CB41784B857F}"
	ProjectSection(ProjectDependencies) = postProject
		{6C9511F4-1923-0054-1286-F00A574F6CF0} = {6C9511F4-1923-0054-1286-F00A574F6CF0}
		{9A00EA91-12A6-03C6-0BFC-10CE1A8FF8EC} = {9A00EA91-12A6-03C6-0BFC-10CE1A8FF8EC}
		{CDAD789A-0E4F-0485-0D0B-8B401FC80B41} = {CDAD789A-0E4F-0485-0D0B-8B401FC80B41}
	EndProjectSection
EndProject
Project("{8BC9CEB8-8B4A-11D0-8D11-00A0C91BC942}") = "TKBin", "TKBin.vcxproj", "{AF30875C-1725-061B-073F-38ACD2E7D3BB}"
	ProjectSection(ProjectDependencies) = postProject
		{03E30303-007A-1014-052C-BD8AC451BB23} = {03E30303-007A-1014-052C-BD8AC451BB23}
		{BD065ACB-0022-00FD-189D-B2F0118F2D62} = {BD065ACB-0022-00FD-189D-B2F0118F2D62}
		{6C9511F4-1923-0054-1286-F00A574F6CF0} = {6C9511F4-1923-0054-1286-F00A574F6CF0}
		{F212F1A3-0ED9-15A2-03AF-DA65B214217A} = {F212F1A3-0ED9-15A2-03AF-DA65B214217A}
	EndProjectSection
EndProject
Project("{8BC9CEB8-8B4A-11D0-8D11-00A0C91BC942}") = "TKXml", "TKXml.vcxproj", "{2F76D06F-1541-0733-02DD-A641FF96CE59}"
	ProjectSection(ProjectDependencies) = postProject
		{0E0C34EE-02A3-01A5-1987-C3835E08E1DC} = {0E0C34EE-02A3-01A5-1987-C3835E08E1DC}
		{6C9511F4-1923-0054-1286-F00A574F6CF0} = {6C9511F4-1923-0054-1286-F00A574F6CF0}
		{BD065ACB-0022-00FD-189D-B2F0118F2D62} = {BD065ACB-0022-00FD-189D-B2F0118F2D62}
		{F212F1A3-0ED9-15A2-03AF-DA65B214217A} = {F212F1A3-0ED9-15A2-03AF-DA65B214217A}
	EndProjectSection
EndProject
Project("{8BC9CEB8-8B4A-11D0-8D11-00A0C91BC942}") = "TKPCAF", "TKPCAF.vcxproj", "{02D8D559-0F75-122E-0F13-9FC7FA9F0F1C}"
	ProjectSection(ProjectDependencies) = postProject
		{CDAD789A-0E4F-0485-0D0B-8B401FC80B41} = {CDAD789A-0E4F-0485-0D0B-8B401FC80B41}
		{9A00EA91-12A6-03C6-0BFC-10CE1A8FF8EC} = {9A00EA91-12A6-03C6-0BFC-10CE1A8FF8EC}
		{3BFCB16D-058E-01FF-0033-AC4F24E31EFC} = {3BFCB16D-058E-01FF-0033-AC4F24E31EFC}
		{BD065ACB-0022-00FD-189D-B2F0118F2D62} = {BD065ACB-0022-00FD-189D-B2F0118F2D62}
		{6C9511F4-1923-0054-1286-F00A574F6CF0} = {6C9511F4-1923-0054-1286-F00A574F6CF0}
		{F212F1A3-0ED9-15A2-03AF-DA65B214217A} = {F212F1A3-0ED9-15A2-03AF-DA65B214217A}
	EndProjectSection
EndProject
Project("{8BC9CEB8-8B4A-11D0-8D11-00A0C91BC942}") = "TKBinTObj", "TKBinTObj.vcxproj", "{028943F9-17E2-0484-0843-23B1CA363CDC}"
	ProjectSection(ProjectDependencies) = postProject
		{6C9511F4-1923-0054-1286-F00A574F6CF0} = {6C9511F4-1923-0054-1286-F00A574F6CF0}
		{03E30303-007A-1014-052C-BD8AC451BB23} = {03E30303-007A-1014-052C-BD8AC451BB23}
		{D3C48108-13E9-063A-179D-89FB660436F4} = {D3C48108-13E9-063A-179D-89FB660436F4}
		{F212F1A3-0ED9-15A2-03AF-DA65B214217A} = {F212F1A3-0ED9-15A2-03AF-DA65B214217A}
	EndProjectSection
EndProject
Project("{8BC9CEB8-8B4A-11D0-8D11-00A0C91BC942}") = "TKXmlTObj", "TKXmlTObj.vcxproj", "{D1E649AF-0368-0BA0-079B-872320835A3A}"
	ProjectSection(ProjectDependencies) = postProject
		{6C9511F4-1923-0054-1286-F00A574F6CF0} = {6C9511F4-1923-0054-1286-F00A574F6CF0}
		{0E0C34EE-02A3-01A5-1987-C3835E08E1DC} = {0E0C34EE-02A3-01A5-1987-C3835E08E1DC}
		{D3C48108-13E9-063A-179D-89FB660436F4} = {D3C48108-13E9-063A-179D-89FB660436F4}
		{F212F1A3-0ED9-15A2-03AF-DA65B214217A} = {F212F1A3-0ED9-15A2-03AF-DA65B214217A}
	EndProjectSection
EndProject
Project("{8BC9CEB8-8B4A-11D0-8D11-00A0C91BC942}") = "TKStdLSchema", "TKStdLSchema.vcxproj", "{AC342AE6-1849-06A7-18A1-AF681E1543F8}"
	ProjectSection(ProjectDependencies) = postProject
		{6C9511F4-1923-0054-1286-F00A574F6CF0} = {6C9511F4-1923-0054-1286-F00A574F6CF0}
		{CDAD789A-0E4F-0485-0D0B-8B401FC80B41} = {CDAD789A-0E4F-0485-0D0B-8B401FC80B41}
		{3BFCB16D-058E-01FF-0033-AC4F24E31EFC} = {3BFCB16D-058E-01FF-0033-AC4F24E31EFC}
		{CEDEF3FE-0D2C-0A02-0CB8-CB41784B857F} = {CEDEF3FE-0D2C-0A02-0CB8-CB41784B857F}
		{F212F1A3-0ED9-15A2-03AF-DA65B214217A} = {F212F1A3-0ED9-15A2-03AF-DA65B214217A}
	EndProjectSection
EndProject
Project("{8BC9CEB8-8B4A-11D0-8D11-00A0C91BC942}") = "TKStdSchema", "TKStdSchema.vcxproj", "{A5496E87-16BD-0B6D-16A8-E3CB8A9737F3}"
	ProjectSection(ProjectDependencies) = postProject
		{6C9511F4-1923-0054-1286-F00A574F6CF0} = {6C9511F4-1923-0054-1286-F00A574F6CF0}
		{CDAD789A-0E4F-0485-0D0B-8B401FC80B41} = {CDAD789A-0E4F-0485-0D0B-8B401FC80B41}
		{3BFCB16D-058E-01FF-0033-AC4F24E31EFC} = {3BFCB16D-058E-01FF-0033-AC4F24E31EFC}
		{02D8D559-0F75-122E-0F13-9FC7FA9F0F1C} = {02D8D559-0F75-122E-0F13-9FC7FA9F0F1C}
		{BD065ACB-0022-00FD-189D-B2F0118F2D62} = {BD065ACB-0022-00FD-189D-B2F0118F2D62}
		{CEDEF3FE-0D2C-0A02-0CB8-CB41784B857F} = {CEDEF3FE-0D2C-0A02-0CB8-CB41784B857F}
		{F212F1A3-0ED9-15A2-03AF-DA65B214217A} = {F212F1A3-0ED9-15A2-03AF-DA65B214217A}
		{AC342AE6-1849-06A7-18A1-AF681E1543F8} = {AC342AE6-1849-06A7-18A1-AF681E1543F8}
		{9A00EA91-12A6-03C6-0BFC-10CE1A8FF8EC} = {9A00EA91-12A6-03C6-0BFC-10CE1A8FF8EC}
	EndProjectSection
EndProject
Global
	GlobalSection(SolutionConfigurationPlatforms) = preSolution
		Debug|Win32 = Debug|Win32
		Release|Win32 = Release|Win32
	EndGlobalSection
	GlobalSection(ProjectConfigurationPlatforms) = postSolution
		{6C9511F4-1923-0054-1286-F00A574F6CF0}.Debug|Win32.ActiveCfg = Debug|Win32
		{6C9511F4-1923-0054-1286-F00A574F6CF0}.Debug|Win32.Build.0 = Debug|Win32
		{6C9511F4-1923-0054-1286-F00A574F6CF0}.Release|Win32.ActiveCfg = Release|Win32
		{6C9511F4-1923-0054-1286-F00A574F6CF0}.Release|Win32.Build.0 = Release|Win32
		{CDAD789A-0E4F-0485-0D0B-8B401FC80B41}.Debug|Win32.ActiveCfg = Debug|Win32
		{CDAD789A-0E4F-0485-0D0B-8B401FC80B41}.Debug|Win32.Build.0 = Debug|Win32
		{CDAD789A-0E4F-0485-0D0B-8B401FC80B41}.Release|Win32.ActiveCfg = Release|Win32
		{CDAD789A-0E4F-0485-0D0B-8B401FC80B41}.Release|Win32.Build.0 = Release|Win32
		{F212F1A3-0ED9-15A2-03AF-DA65B214217A}.Debug|Win32.ActiveCfg = Debug|Win32
		{F212F1A3-0ED9-15A2-03AF-DA65B214217A}.Debug|Win32.Build.0 = Debug|Win32
		{F212F1A3-0ED9-15A2-03AF-DA65B214217A}.Release|Win32.ActiveCfg = Release|Win32
		{F212F1A3-0ED9-15A2-03AF-DA65B214217A}.Release|Win32.Build.0 = Release|Win32
		{7C531E86-1349-1933-0F47-9CAC0F74D45F}.Debug|Win32.ActiveCfg = Debug|Win32
		{7C531E86-1349-1933-0F47-9CAC0F74D45F}.Debug|Win32.Build.0 = Debug|Win32
		{7C531E86-1349-1933-0F47-9CAC0F74D45F}.Release|Win32.ActiveCfg = Release|Win32
		{7C531E86-1349-1933-0F47-9CAC0F74D45F}.Release|Win32.Build.0 = Release|Win32
		{9A00EA91-12A6-03C6-0BFC-10CE1A8FF8EC}.Debug|Win32.ActiveCfg = Debug|Win32
		{9A00EA91-12A6-03C6-0BFC-10CE1A8FF8EC}.Debug|Win32.Build.0 = Debug|Win32
		{9A00EA91-12A6-03C6-0BFC-10CE1A8FF8EC}.Release|Win32.ActiveCfg = Release|Win32
		{9A00EA91-12A6-03C6-0BFC-10CE1A8FF8EC}.Release|Win32.Build.0 = Release|Win32
		{BD065ACB-0022-00FD-189D-B2F0118F2D62}.Debug|Win32.ActiveCfg = Debug|Win32
		{BD065ACB-0022-00FD-189D-B2F0118F2D62}.Debug|Win32.Build.0 = Debug|Win32
		{BD065ACB-0022-00FD-189D-B2F0118F2D62}.Release|Win32.ActiveCfg = Release|Win32
		{BD065ACB-0022-00FD-189D-B2F0118F2D62}.Release|Win32.Build.0 = Release|Win32
		{03E30303-007A-1014-052C-BD8AC451BB23}.Debug|Win32.ActiveCfg = Debug|Win32
		{03E30303-007A-1014-052C-BD8AC451BB23}.Debug|Win32.Build.0 = Debug|Win32
		{03E30303-007A-1014-052C-BD8AC451BB23}.Release|Win32.ActiveCfg = Release|Win32
		{03E30303-007A-1014-052C-BD8AC451BB23}.Release|Win32.Build.0 = Release|Win32
		{0E0C34EE-02A3-01A5-1987-C3835E08E1DC}.Debug|Win32.ActiveCfg = Debug|Win32
		{0E0C34EE-02A3-01A5-1987-C3835E08E1DC}.Debug|Win32.Build.0 = Debug|Win32
		{0E0C34EE-02A3-01A5-1987-C3835E08E1DC}.Release|Win32.ActiveCfg = Release|Win32
		{0E0C34EE-02A3-01A5-1987-C3835E08E1DC}.Release|Win32.Build.0 = Release|Win32
		{3BFCB16D-058E-01FF-0033-AC4F24E31EFC}.Debug|Win32.ActiveCfg = Debug|Win32
		{3BFCB16D-058E-01FF-0033-AC4F24E31EFC}.Debug|Win32.Build.0 = Debug|Win32
		{3BFCB16D-058E-01FF-0033-AC4F24E31EFC}.Release|Win32.ActiveCfg = Release|Win32
		{3BFCB16D-058E-01FF-0033-AC4F24E31EFC}.Release|Win32.Build.0 = Release|Win32
		{D3C48108-13E9-063A-179D-89FB660436F4}.Debug|Win32.ActiveCfg = Debug|Win32
		{D3C48108-13E9-063A-179D-89FB660436F4}.Debug|Win32.Build.0 = Debug|Win32
		{D3C48108-13E9-063A-179D-89FB660436F4}.Release|Win32.ActiveCfg = Release|Win32
		{D3C48108-13E9-063A-179D-89FB660436F4}.Release|Win32.Build.0 = Release|Win32
		{CEDEF3FE-0D2C-0A02-0CB8-CB41784B857F}.Debug|Win32.ActiveCfg = Debug|Win32
		{CEDEF3FE-0D2C-0A02-0CB8-CB41784B857F}.Debug|Win32.Build.0 = Debug|Win32
		{CEDEF3FE-0D2C-0A02-0CB8-CB41784B857F}.Release|Win32.ActiveCfg = Release|Win32
		{CEDEF3FE-0D2C-0A02-0CB8-CB41784B857F}.Release|Win32.Build.0 = Release|Win32
		{AF30875C-1725-061B-073F-38ACD2E7D3BB}.Debug|Win32.ActiveCfg = Debug|Win32
		{AF30875C-1725-061B-073F-38ACD2E7D3BB}.Debug|Win32.Build.0 = Debug|Win32
		{AF30875C-1725-061B-073F-38ACD2E7D3BB}.Release|Win32.ActiveCfg = Release|Win32
		{AF30875C-1725-061B-073F-38ACD2E7D3BB}.Release|Win32.Build.0 = Release|Win32
		{2F76D06F-1541-0733-02DD-A641FF96CE59}.Debug|Win32.ActiveCfg = Debug|Win32
		{2F76D06F-1541-0733-02DD-A641FF96CE59}.Debug|Win32.Build.0 = Debug|Win32
		{2F76D06F-1541-0733-02DD-A641FF96CE59}.Release|Win32.ActiveCfg = Release|Win32
		{2F76D06F-1541-0733-02DD-A641FF96CE59}.Release|Win32.Build.0 = Release|Win32
		{02D8D559-0F75-122E-0F13-9FC7FA9F0F1C}.Debug|Win32.ActiveCfg = Debug|Win32
		{02D8D559-0F75-122E-0F13-9FC7FA9F0F1C}.Debug|Win32.Build.0 = Debug|Win32
		{02D8D559-0F75-122E-0F13-9FC7FA9F0F1C}.Release|Win32.ActiveCfg = Release|Win32
		{02D8D559-0F75-122E-0F13-9FC7FA9F0F1C}.Release|Win32.Build.0 = Release|Win32
		{028943F9-17E2-0484-0843-23B1CA363CDC}.Debug|Win32.ActiveCfg = Debug|Win32
		{028943F9-17E2-0484-0843-23B1CA363CDC}.Debug|Win32.Build.0 = Debug|Win32
		{028943F9-17E2-0484-0843-23B1CA363CDC}.Release|Win32.ActiveCfg = Release|Win32
		{028943F9-17E2-0484-0843-23B1CA363CDC}.Release|Win32.Build.0 = Release|Win32
		{D1E649AF-0368-0BA0-079B-872320835A3A}.Debug|Win32.ActiveCfg = Debug|Win32
		{D1E649AF-0368-0BA0-079B-872320835A3A}.Debug|Win32.Build.0 = Debug|Win32
		{D1E649AF-0368-0BA0-079B-872320835A3A}.Release|Win32.ActiveCfg = Release|Win32
		{D1E649AF-0368-0BA0-079B-872320835A3A}.Release|Win32.Build.0 = Release|Win32
		{AC342AE6-1849-06A7-18A1-AF681E1543F8}.Debug|Win32.ActiveCfg = Debug|Win32
		{AC342AE6-1849-06A7-18A1-AF681E1543F8}.Debug|Win32.Build.0 = Debug|Win32
		{AC342AE6-1849-06A7-18A1-AF681E1543F8}.Release|Win32.ActiveCfg = Release|Win32
		{AC342AE6-1849-06A7-18A1-AF681E1543F8}.Release|Win32.Build.0 = Release|Win32
		{A5496E87-16BD-0B6D-16A8-E3CB8A9737F3}.Debug|Win32.ActiveCfg = Debug|Win32
		{A5496E87-16BD-0B6D-16A8-E3CB8A9737F3}.Debug|Win32.Build.0 = Debug|Win32
		{A5496E87-16BD-0B6D-16A8-E3CB8A9737F3}.Release|Win32.ActiveCfg = Release|Win32
		{A5496E87-16BD-0B6D-16A8-E3CB8A9737F3}.Release|Win32.Build.0 = Release|Win32
	EndGlobalSection
	GlobalSection(SolutionProperties) = preSolution
		HideSolutionNode = FALSE
	EndGlobalSection
EndGlobal
