Microsoft Visual Studio Solution File, Format Version 11.00
# Visual Studio 2010
Project("{8BC9CEB8-8B4A-11D0-8D11-00A0C91BC942}") = "TKDraw", "TKDraw.vcxproj", "{47023763-0A84-012A-042B-4A0E0318D75A}"
EndProject
Project("{8BC9CEB8-8B4A-11D0-8D11-00A0C91BC942}") = "TKTopTest", "TKTopTest.vcxproj", "{5271A238-0431-066B-094E-6E8568EA8B61}"
	ProjectSection(ProjectDependencies) = postProject
		{47023763-0A84-012A-042B-4A0E0318D75A} = {47023763-0A84-012A-042B-4A0E0318D75A}
	EndProjectSection
EndProject
Project("{8BC9CEB8-8B4A-11D0-8D11-00A0C91BC942}") = "TKViewerTest", "TKViewerTest.vcxproj", "{C1D48C62-0405-13D8-13B5-92964832EEF9}"
	ProjectSection(ProjectDependencies) = postProject
		{5271A238-0431-066B-094E-6E8568EA8B61} = {5271A238-0431-066B-094E-6E8568EA8B61}
		{47023763-0A84-012A-042B-4A0E0318D75A} = {47023763-0A84-012A-042B-4A0E0318D75A}
	EndProjectSection
EndProject
Project("{8BC9CEB8-8B4A-11D0-8D11-00A0C91BC942}") = "TKXSDRAW", "TKXSDRAW.vcxproj", "{94B25099-00BA-0F57-053E-BFA4551E7130}"
	ProjectSection(ProjectDependencies) = postProject
		{47023763-0A84-012A-042B-4A0E0318D75A} = {47023763-0A84-012A-042B-4A0E0318D75A}
		{C1D48C62-0405-13D8-13B5-92964832EEF9} = {C1D48C62-0405-13D8-13B5-92964832EEF9}
	EndProjectSection
EndProject
Project("{8BC9CEB8-8B4A-11D0-8D11-00A0C91BC942}") = "TKDCAF", "TKDCAF.vcxproj", "{9E7637A1-15DD-00A8-146D-4C57D1619792}"
	ProjectSection(ProjectDependencies) = postProject
		{47023763-0A84-012A-042B-4A0E0318D75A} = {47023763-0A84-012A-042B-4A0E0318D75A}
		{C1D48C62-0405-13D8-13B5-92964832EEF9} = {C1D48C62-0405-13D8-13B5-92964832EEF9}
	EndProjectSection
EndProject
Project("{8BC9CEB8-8B4A-11D0-8D11-00A0C91BC942}") = "TKXDEDRAW", "TKXDEDRAW.vcxproj", "{F9665D4C-0923-1455-057D-75A546013F7B}"
	ProjectSection(ProjectDependencies) = postProject
		{94B25099-00BA-0F57-053E-BFA4551E7130} = {94B25099-00BA-0F57-053E-BFA4551E7130}
		{9E7637A1-15DD-00A8-146D-4C57D1619792} = {9E7637A1-15DD-00A8-146D-4C57D1619792}
		{47023763-0A84-012A-042B-4A0E0318D75A} = {47023763-0A84-012A-042B-4A0E0318D75A}
		{C1D48C62-0405-13D8-13B5-92964832EEF9} = {C1D48C62-0405-13D8-13B5-92964832EEF9}
	EndProjectSection
EndProject
Project("{8BC9CEB8-8B4A-11D0-8D11-00A0C91BC942}") = "TKTObjDRAW", "TKTObjDRAW.vcxproj", "{DE373AD7-03B1-1237-0F05-825941CAE4BC}"
	ProjectSection(ProjectDependencies) = postProject
		{9E7637A1-15DD-00A8-146D-4C57D1619792} = {9E7637A1-15DD-00A8-146D-4C57D1619792}
		{47023763-0A84-012A-042B-4A0E0318D75A} = {47023763-0A84-012A-042B-4A0E0318D75A}
	EndProjectSection
EndProject
Project("{8BC9CEB8-8B4A-11D0-8D11-00A0C91BC942}") = "DRAWEXE", "DRAWEXE.vcxproj", "{CB5483B5-17A6-0E6D-15EC-0E474C5B1A7A}"
EndProject
Global
	GlobalSection(SolutionConfigurationPlatforms) = preSolution
		Debug|Win32 = Debug|Win32
		Release|Win32 = Release|Win32
	EndGlobalSection
	GlobalSection(ProjectConfigurationPlatforms) = postSolution
		{47023763-0A84-012A-042B-4A0E0318D75A}.Debug|Win32.ActiveCfg = Debug|Win32
		{47023763-0A84-012A-042B-4A0E0318D75A}.Debug|Win32.Build.0 = Debug|Win32
		{47023763-0A84-012A-042B-4A0E0318D75A}.Release|Win32.ActiveCfg = Release|Win32
		{47023763-0A84-012A-042B-4A0E0318D75A}.Release|Win32.Build.0 = Release|Win32
		{5271A238-0431-066B-094E-6E8568EA8B61}.Debug|Win32.ActiveCfg = Debug|Win32
		{5271A238-0431-066B-094E-6E8568EA8B61}.Debug|Win32.Build.0 = Debug|Win32
		{5271A238-0431-066B-094E-6E8568EA8B61}.Release|Win32.ActiveCfg = Release|Win32
		{5271A238-0431-066B-094E-6E8568EA8B61}.Release|Win32.Build.0 = Release|Win32
		{C1D48C62-0405-13D8-13B5-92964832EEF9}.Debug|Win32.ActiveCfg = Debug|Win32
		{C1D48C62-0405-13D8-13B5-92964832EEF9}.Debug|Win32.Build.0 = Debug|Win32
		{C1D48C62-0405-13D8-13B5-92964832EEF9}.Release|Win32.ActiveCfg = Release|Win32
		{C1D48C62-0405-13D8-13B5-92964832EEF9}.Release|Win32.Build.0 = Release|Win32
		{94B25099-00BA-0F57-053E-BFA4551E7130}.Debug|Win32.ActiveCfg = Debug|Win32
		{94B25099-00BA-0F57-053E-BFA4551E7130}.Debug|Win32.Build.0 = Debug|Win32
		{94B25099-00BA-0F57-053E-BFA4551E7130}.Release|Win32.ActiveCfg = Release|Win32
		{94B25099-00BA-0F57-053E-BFA4551E7130}.Release|Win32.Build.0 = Release|Win32
		{9E7637A1-15DD-00A8-146D-4C57D1619792}.Debug|Win32.ActiveCfg = Debug|Win32
		{9E7637A1-15DD-00A8-146D-4C57D1619792}.Debug|Win32.Build.0 = Debug|Win32
		{9E7637A1-15DD-00A8-146D-4C57D1619792}.Release|Win32.ActiveCfg = Release|Win32
		{9E7637A1-15DD-00A8-146D-4C57D1619792}.Release|Win32.Build.0 = Release|Win32
		{F9665D4C-0923-1455-057D-75A546013F7B}.Debug|Win32.ActiveCfg = Debug|Win32
		{F9665D4C-0923-1455-057D-75A546013F7B}.Debug|Win32.Build.0 = Debug|Win32
		{F9665D4C-0923-1455-057D-75A546013F7B}.Release|Win32.ActiveCfg = Release|Win32
		{F9665D4C-0923-1455-057D-75A546013F7B}.Release|Win32.Build.0 = Release|Win32
		{DE373AD7-03B1-1237-0F05-825941CAE4BC}.Debug|Win32.ActiveCfg = Debug|Win32
		{DE373AD7-03B1-1237-0F05-825941CAE4BC}.Debug|Win32.Build.0 = Debug|Win32
		{DE373AD7-03B1-1237-0F05-825941CAE4BC}.Release|Win32.ActiveCfg = Release|Win32
		{DE373AD7-03B1-1237-0F05-825941CAE4BC}.Release|Win32.Build.0 = Release|Win32
		{CB5483B5-17A6-0E6D-15EC-0E474C5B1A7A}.Debug|Win32.ActiveCfg = Debug|Win32
		{CB5483B5-17A6-0E6D-15EC-0E474C5B1A7A}.Debug|Win32.Build.0 = Debug|Win32
		{CB5483B5-17A6-0E6D-15EC-0E474C5B1A7A}.Release|Win32.ActiveCfg = Release|Win32
		{CB5483B5-17A6-0E6D-15EC-0E474C5B1A7A}.Release|Win32.Build.0 = Release|Win32
	EndGlobalSection
	GlobalSection(SolutionProperties) = preSolution
		HideSolutionNode = FALSE
	EndGlobalSection
EndGlobal
