Microsoft Visual Studio Solution File, Format Version 11.00
# Visual Studio 2010
Project("{8BC9CEB8-8B4A-11D0-8D11-00A0C91BC942}") = "TKGeomAlgo", "TKGeomAlgo.vcxproj", "{5E47E5AD-0DC1-001A-0FE8-C406D2CAE8DC}"
EndProject
Project("{8BC9CEB8-8B4A-11D0-8D11-00A0C91BC942}") = "TKTopAlgo", "TKTopAlgo.vcxproj", "{67E4F82D-1760-090D-1793-6748721894C5}"
	ProjectSection(ProjectDependencies) = postProject
		{5E47E5AD-0DC1-001A-0FE8-C406D2CAE8DC} = {5E47E5AD-0DC1-001A-0FE8-C406D2CAE8DC}
	EndProjectSection
EndProject
Project("{8BC9CEB8-8B4A-11D0-8D11-00A0C91BC942}") = "TKPrim", "TKPrim.vcxproj", "{71D6CBB7-0D80-16B5-0221-10A906E8D47B}"
	ProjectSection(ProjectDependencies) = postProject
		{67E4F82D-1760-090D-1793-6748721894C5} = {67E4F82D-1760-090D-1793-6748721894C5}
	EndProjectSection
EndProject
Project("{8BC9CEB8-8B4A-11D0-8D11-00A0C91BC942}") = "TKBO", "TKBO.vcxproj", "{BC27EDD3-02EF-0B06-142A-8E7F5BD5E0F9}"
	ProjectSection(ProjectDependencies) = postProject
		{67E4F82D-1760-090D-1793-6748721894C5} = {67E4F82D-1760-090D-1793-6748721894C5}
		{5E47E5AD-0DC1-001A-0FE8-C406D2CAE8DC} = {5E47E5AD-0DC1-001A-0FE8-C406D2CAE8DC}
	EndProjectSection
EndProject
Project("{8BC9CEB8-8B4A-11D0-8D11-00A0C91BC942}") = "TKHLR", "TKHLR.vcxproj", "{E8F5147A-1167-0A6C-0D9B-D3BF9AEB50BD}"
	ProjectSection(ProjectDependencies) = postProject
		{5E47E5AD-0DC1-001A-0FE8-C406D2CAE8DC} = {5E47E5AD-0DC1-001A-0FE8-C406D2CAE8DC}
		{67E4F82D-1760-090D-1793-6748721894C5} = {67E4F82D-1760-090D-1793-6748721894C5}
	EndProjectSection
EndProject
Project("{8BC9CEB8-8B4A-11D0-8D11-00A0C91BC942}") = "TKMesh", "TKMesh.vcxproj", "{E6EC4756-16F7-123A-0846-C7006CC36926}"
	ProjectSection(ProjectDependencies) = postProject
		{67E4F82D-1760-090D-1793-6748721894C5} = {67E4F82D-1760-090D-1793-6748721894C5}
		{5E47E5AD-0DC1-001A-0FE8-C406D2CAE8DC} = {5E47E5AD-0DC1-001A-0FE8-C406D2CAE8DC}
	EndProjectSection
EndProject
Project("{8BC9CEB8-8B4A-11D0-8D11-00A0C91BC942}") = "TKShHealing", "TKShHealing.vcxproj", "{7E217001-0119-143F-0D11-E0C6E62FCF91}"
	ProjectSection(ProjectDependencies) = postProject
		{67E4F82D-1760-090D-1793-6748721894C5} = {67E4F82D-1760-090D-1793-6748721894C5}
		{5E47E5AD-0DC1-001A-0FE8-C406D2CAE8DC} = {5E47E5AD-0DC1-001A-0FE8-C406D2CAE8DC}
	EndProjectSection
EndProject
Project("{8BC9CEB8-8B4A-11D0-8D11-00A0C91BC942}") = "TKXMesh", "TKXMesh.vcxproj", "{13B401F2-1236-0EE3-0399-B825BC57DDB5}"
	ProjectSection(ProjectDependencies) = postProject
		{E6EC4756-16F7-123A-0846-C7006CC36926} = {E6EC4756-16F7-123A-0846-C7006CC36926}
	EndProjectSection
EndProject
Project("{8BC9CEB8-8B4A-11D0-8D11-00A0C91BC942}") = "TKBool", "TKBool.vcxproj", "{18E06B63-12D4-0BA0-178A-F693D87C5873}"
	ProjectSection(ProjectDependencies) = postProject
		{67E4F82D-1760-090D-1793-6748721894C5} = {67E4F82D-1760-090D-1793-6748721894C5}
		{71D6CBB7-0D80-16B5-0221-10A906E8D47B} = {71D6CBB7-0D80-16B5-0221-10A906E8D47B}
		{7E217001-0119-143F-0D11-E0C6E62FCF91} = {7E217001-0119-143F-0D11-E0C6E62FCF91}
		{5E47E5AD-0DC1-001A-0FE8-C406D2CAE8DC} = {5E47E5AD-0DC1-001A-0FE8-C406D2CAE8DC}
		{BC27EDD3-02EF-0B06-142A-8E7F5BD5E0F9} = {BC27EDD3-02EF-0B06-142A-8E7F5BD5E0F9}
	EndProjectSection
EndProject
Project("{8BC9CEB8-8B4A-11D0-8D11-00A0C91BC942}") = "TKFillet", "TKFillet.vcxproj", "{F400D445-06C9-1082-089D-B0643B598448}"
	ProjectSection(ProjectDependencies) = postProject
		{18E06B63-12D4-0BA0-178A-F693D87C5873} = {18E06B63-12D4-0BA0-178A-F693D87C5873}
		{5E47E5AD-0DC1-001A-0FE8-C406D2CAE8DC} = {5E47E5AD-0DC1-001A-0FE8-C406D2CAE8DC}
		{67E4F82D-1760-090D-1793-6748721894C5} = {67E4F82D-1760-090D-1793-6748721894C5}
	EndProjectSection
EndProject
Project("{8BC9CEB8-8B4A-11D0-8D11-00A0C91BC942}") = "TKFeat", "TKFeat.vcxproj", "{81285411-00B1-053B-076B-9FF6801CB18C}"
	ProjectSection(ProjectDependencies) = postProject
		{67E4F82D-1760-090D-1793-6748721894C5} = {67E4F82D-1760-090D-1793-6748721894C5}
		{5E47E5AD-0DC1-001A-0FE8-C406D2CAE8DC} = {5E47E5AD-0DC1-001A-0FE8-C406D2CAE8DC}
		{71D6CBB7-0D80-16B5-0221-10A906E8D47B} = {71D6CBB7-0D80-16B5-0221-10A906E8D47B}
		{18E06B63-12D4-0BA0-178A-F693D87C5873} = {18E06B63-12D4-0BA0-178A-F693D87C5873}
		{BC27EDD3-02EF-0B06-142A-8E7F5BD5E0F9} = {BC27EDD3-02EF-0B06-142A-8E7F5BD5E0F9}
	EndProjectSection
EndProject
Project("{8BC9CEB8-8B4A-11D0-8D11-00A0C91BC942}") = "TKOffset", "TKOffset.vcxproj", "{2356A291-0304-1673-0107-05BE3FBC474D}"
	ProjectSection(ProjectDependencies) = postProject
		{F400D445-06C9-1082-089D-B0643B598448} = {F400D445-06C9-1082-089D-B0643B598448}
		{67E4F82D-1760-090D-1793-6748721894C5} = {67E4F82D-1760-090D-1793-6748721894C5}
		{5E47E5AD-0DC1-001A-0FE8-C406D2CAE8DC} = {5E47E5AD-0DC1-001A-0FE8-C406D2CAE8DC}
		{18E06B63-12D4-0BA0-178A-F693D87C5873} = {18E06B63-12D4-0BA0-178A-F693D87C5873}
		{7E217001-0119-143F-0D11-E0C6E62FCF91} = {7E217001-0119-143F-0D11-E0C6E62FCF91}
		{BC27EDD3-02EF-0B06-142A-8E7F5BD5E0F9} = {BC27EDD3-02EF-0B06-142A-8E7F5BD5E0F9}
		{71D6CBB7-0D80-16B5-0221-10A906E8D47B} = {71D6CBB7-0D80-16B5-0221-10A906E8D47B}
	EndProjectSection
EndProject
Global
	GlobalSection(SolutionConfigurationPlatforms) = preSolution
		Debug|Win32 = Debug|Win32
		Release|Win32 = Release|Win32
	EndGlobalSection
	GlobalSection(ProjectConfigurationPlatforms) = postSolution
		{5E47E5AD-0DC1-001A-0FE8-C406D2CAE8DC}.Debug|Win32.ActiveCfg = Debug|Win32
		{5E47E5AD-0DC1-001A-0FE8-C406D2CAE8DC}.Debug|Win32.Build.0 = Debug|Win32
		{5E47E5AD-0DC1-001A-0FE8-C406D2CAE8DC}.Release|Win32.ActiveCfg = Release|Win32
		{5E47E5AD-0DC1-001A-0FE8-C406D2CAE8DC}.Release|Win32.Build.0 = Release|Win32
		{67E4F82D-1760-090D-1793-6748721894C5}.Debug|Win32.ActiveCfg = Debug|Win32
		{67E4F82D-1760-090D-1793-6748721894C5}.Debug|Win32.Build.0 = Debug|Win32
		{67E4F82D-1760-090D-1793-6748721894C5}.Release|Win32.ActiveCfg = Release|Win32
		{67E4F82D-1760-090D-1793-6748721894C5}.Release|Win32.Build.0 = Release|Win32
		{71D6CBB7-0D80-16B5-0221-10A906E8D47B}.Debug|Win32.ActiveCfg = Debug|Win32
		{71D6CBB7-0D80-16B5-0221-10A906E8D47B}.Debug|Win32.Build.0 = Debug|Win32
		{71D6CBB7-0D80-16B5-0221-10A906E8D47B}.Release|Win32.ActiveCfg = Release|Win32
		{71D6CBB7-0D80-16B5-0221-10A906E8D47B}.Release|Win32.Build.0 = Release|Win32
		{BC27EDD3-02EF-0B06-142A-8E7F5BD5E0F9}.Debug|Win32.ActiveCfg = Debug|Win32
		{BC27EDD3-02EF-0B06-142A-8E7F5BD5E0F9}.Debug|Win32.Build.0 = Debug|Win32
		{BC27EDD3-02EF-0B06-142A-8E7F5BD5E0F9}.Release|Win32.ActiveCfg = Release|Win32
		{BC27EDD3-02EF-0B06-142A-8E7F5BD5E0F9}.Release|Win32.Build.0 = Release|Win32
		{E8F5147A-1167-0A6C-0D9B-D3BF9AEB50BD}.Debug|Win32.ActiveCfg = Debug|Win32
		{E8F5147A-1167-0A6C-0D9B-D3BF9AEB50BD}.Debug|Win32.Build.0 = Debug|Win32
		{E8F5147A-1167-0A6C-0D9B-D3BF9AEB50BD}.Release|Win32.ActiveCfg = Release|Win32
		{E8F5147A-1167-0A6C-0D9B-D3BF9AEB50BD}.Release|Win32.Build.0 = Release|Win32
		{E6EC4756-16F7-123A-0846-C7006CC36926}.Debug|Win32.ActiveCfg = Debug|Win32
		{E6EC4756-16F7-123A-0846-C7006CC36926}.Debug|Win32.Build.0 = Debug|Win32
		{E6EC4756-16F7-123A-0846-C7006CC36926}.Release|Win32.ActiveCfg = Release|Win32
		{E6EC4756-16F7-123A-0846-C7006CC36926}.Release|Win32.Build.0 = Release|Win32
		{7E217001-0119-143F-0D11-E0C6E62FCF91}.Debug|Win32.ActiveCfg = Debug|Win32
		{7E217001-0119-143F-0D11-E0C6E62FCF91}.Debug|Win32.Build.0 = Debug|Win32
		{7E217001-0119-143F-0D11-E0C6E62FCF91}.Release|Win32.ActiveCfg = Release|Win32
		{7E217001-0119-143F-0D11-E0C6E62FCF91}.Release|Win32.Build.0 = Release|Win32
		{13B401F2-1236-0EE3-0399-B825BC57DDB5}.Debug|Win32.ActiveCfg = Debug|Win32
		{13B401F2-1236-0EE3-0399-B825BC57DDB5}.Debug|Win32.Build.0 = Debug|Win32
		{13B401F2-1236-0EE3-0399-B825BC57DDB5}.Release|Win32.ActiveCfg = Release|Win32
		{13B401F2-1236-0EE3-0399-B825BC57DDB5}.Release|Win32.Build.0 = Release|Win32
		{18E06B63-12D4-0BA0-178A-F693D87C5873}.Debug|Win32.ActiveCfg = Debug|Win32
		{18E06B63-12D4-0BA0-178A-F693D87C5873}.Debug|Win32.Build.0 = Debug|Win32
		{18E06B63-12D4-0BA0-178A-F693D87C5873}.Release|Win32.ActiveCfg = Release|Win32
		{18E06B63-12D4-0BA0-178A-F693D87C5873}.Release|Win32.Build.0 = Release|Win32
		{F400D445-06C9-1082-089D-B0643B598448}.Debug|Win32.ActiveCfg = Debug|Win32
		{F400D445-06C9-1082-089D-B0643B598448}.Debug|Win32.Build.0 = Debug|Win32
		{F400D445-06C9-1082-089D-B0643B598448}.Release|Win32.ActiveCfg = Release|Win32
		{F400D445-06C9-1082-089D-B0643B598448}.Release|Win32.Build.0 = Release|Win32
		{81285411-00B1-053B-076B-9FF6801CB18C}.Debug|Win32.ActiveCfg = Debug|Win32
		{81285411-00B1-053B-076B-9FF6801CB18C}.Debug|Win32.Build.0 = Debug|Win32
		{81285411-00B1-053B-076B-9FF6801CB18C}.Release|Win32.ActiveCfg = Release|Win32
		{81285411-00B1-053B-076B-9FF6801CB18C}.Release|Win32.Build.0 = Release|Win32
		{2356A291-0304-1673-0107-05BE3FBC474D}.Debug|Win32.ActiveCfg = Debug|Win32
		{2356A291-0304-1673-0107-05BE3FBC474D}.Debug|Win32.Build.0 = Debug|Win32
		{2356A291-0304-1673-0107-05BE3FBC474D}.Release|Win32.ActiveCfg = Release|Win32
		{2356A291-0304-1673-0107-05BE3FBC474D}.Release|Win32.Build.0 = Release|Win32
	EndGlobalSection
	GlobalSection(SolutionProperties) = preSolution
		HideSolutionNode = FALSE
	EndGlobalSection
EndGlobal
