Microsoft Visual Studio Solution File, Format Version 11.00
# Visual Studio 2010
Project("{2150E333-8FDC-42A3-9474-1A3956D46DE8}") = "FoundationClasses", "FoundationClasses", "{F541D43F-1480-10E7-0D9E-5E30444D60E7}"
EndProject
Project("{2150E333-8FDC-42A3-9474-1A3956D46DE8}") = "ModelingData", "ModelingData", "{35FE1EC1-1204-149B-115A-1E33C121B432}"
EndProject
Project("{2150E333-8FDC-42A3-9474-1A3956D46DE8}") = "ModelingAlgorithms", "ModelingAlgorithms", "{E73E52E0-08E9-0BF7-180E-B2EA9362194C}"
EndProject
Project("{2150E333-8FDC-42A3-9474-1A3956D46DE8}") = "Visualization", "Visualization", "{BEDB40B1-0AC5-04E9-0779-7ED90839AD4F}"
EndProject
Project("{2150E333-8FDC-42A3-9474-1A3956D46DE8}") = "ApplicationFramework", "ApplicationFramework", "{65ED3834-03A2-0466-0923-4D758BC995CE}"
EndProject
Project("{2150E333-8FDC-42A3-9474-1A3956D46DE8}") = "DataExchange", "DataExchange", "{A0C5532F-119D-0E96-0E28-32CB2AD6BBD9}"
EndProject
Project("{2150E333-8FDC-42A3-9474-1A3956D46DE8}") = "Draw", "Draw", "{D5A17EAB-0C73-0B68-0EB3-868415717A0F}"
EndProject
Project("{8BC9CEB8-8B4A-11D0-8D11-00A0C91BC942}") = "TKernel", "TKernel.vcxproj", "{7D7B2B73-006A-1937-1337-B2A00C0F8CFF}"
EndProject
Project("{8BC9CEB8-8B4A-11D0-8D11-00A0C91BC942}") = "TKMath", "TKMath.vcxproj", "{1EBB6B54-15B8-0DE8-0FD8-A08ABFAC6D41}"
	ProjectSection(ProjectDependencies) = postProject
		{7D7B2B73-006A-1937-1337-B2A00C0F8CFF} = {7D7B2B73-006A-1937-1337-B2A00C0F8CFF}
	EndProjectSection
EndProject
Project("{8BC9CEB8-8B4A-11D0-8D11-00A0C91BC942}") = "TKAdvTools", "TKAdvTools.vcxproj", "{04E65A2B-187F-03FD-09EF-5F444B621A1B}"
	ProjectSection(ProjectDependencies) = postProject
		{7D7B2B73-006A-1937-1337-B2A00C0F8CFF} = {7D7B2B73-006A-1937-1337-B2A00C0F8CFF}
	EndProjectSection
EndProject
Project("{8BC9CEB8-8B4A-11D0-8D11-00A0C91BC942}") = "TKG2d", "TKG2d.vcxproj", "{E97FCEE6-00AC-1125-0CEC-70016D6F14CD}"
	ProjectSection(ProjectDependencies) = postProject
		{1EBB6B54-15B8-0DE8-0FD8-A08ABFAC6D41} = {1EBB6B54-15B8-0DE8-0FD8-A08ABFAC6D41}
		{7D7B2B73-006A-1937-1337-B2A00C0F8CFF} = {7D7B2B73-006A-1937-1337-B2A00C0F8CFF}
	EndProjectSection
EndProject
Project("{8BC9CEB8-8B4A-11D0-8D11-00A0C91BC942}") = "TKG3d", "TKG3d.vcxproj", "{A899A8EF-0EEB-137F-07DE-736ABDC96101}"
	ProjectSection(ProjectDependencies) = postProject
		{1EBB6B54-15B8-0DE8-0FD8-A08ABFAC6D41} = {1EBB6B54-15B8-0DE8-0FD8-A08ABFAC6D41}
		{7D7B2B73-006A-1937-1337-B2A00C0F8CFF} = {7D7B2B73-006A-1937-1337-B2A00C0F8CFF}
		{E97FCEE6-00AC-1125-0CEC-70016D6F14CD} = {E97FCEE6-00AC-1125-0CEC-70016D6F14CD}
	EndProjectSection
EndProject
Project("{8BC9CEB8-8B4A-11D0-8D11-00A0C91BC942}") = "TKGeomBase", "TKGeomBase.vcxproj", "{E6F99C6D-025C-0EB3-14DB-5C523D0C37FD}"
	ProjectSection(ProjectDependencies) = postProject
		{7D7B2B73-006A-1937-1337-B2A00C0F8CFF} = {7D7B2B73-006A-1937-1337-B2A00C0F8CFF}
		{1EBB6B54-15B8-0DE8-0FD8-A08ABFAC6D41} = {1EBB6B54-15B8-0DE8-0FD8-A08ABFAC6D41}
		{E97FCEE6-00AC-1125-0CEC-70016D6F14CD} = {E97FCEE6-00AC-1125-0CEC-70016D6F14CD}
		{A899A8EF-0EEB-137F-07DE-736ABDC96101} = {A899A8EF-0EEB-137F-07DE-736ABDC96101}
	EndProjectSection
EndProject
Project("{8BC9CEB8-8B4A-11D0-8D11-00A0C91BC942}") = "TKBRep", "TKBRep.vcxproj", "{45122449-18CA-160E-1480-48C230C197AD}"
	ProjectSection(ProjectDependencies) = postProject
		{E6F99C6D-025C-0EB3-14DB-5C523D0C37FD} = {E6F99C6D-025C-0EB3-14DB-5C523D0C37FD}
		{1EBB6B54-15B8-0DE8-0FD8-A08ABFAC6D41} = {1EBB6B54-15B8-0DE8-0FD8-A08ABFAC6D41}
		{7D7B2B73-006A-1937-1337-B2A00C0F8CFF} = {7D7B2B73-006A-1937-1337-B2A00C0F8CFF}
		{E97FCEE6-00AC-1125-0CEC-70016D6F14CD} = {E97FCEE6-00AC-1125-0CEC-70016D6F14CD}
		{A899A8EF-0EEB-137F-07DE-736ABDC96101} = {A899A8EF-0EEB-137F-07DE-736ABDC96101}
	EndProjectSection
EndProject
Project("{8BC9CEB8-8B4A-11D0-8D11-00A0C91BC942}") = "TKGeomAlgo", "TKGeomAlgo.vcxproj", "{5E47E5AD-0DC1-001A-0FE8-C406D2CAE8DC}"
	ProjectSection(ProjectDependencies) = postProject
		{7D7B2B73-006A-1937-1337-B2A00C0F8CFF} = {7D7B2B73-006A-1937-1337-B2A00C0F8CFF}
		{1EBB6B54-15B8-0DE8-0FD8-A08ABFAC6D41} = {1EBB6B54-15B8-0DE8-0FD8-A08ABFAC6D41}
		{A899A8EF-0EEB-137F-07DE-736ABDC96101} = {A899A8EF-0EEB-137F-07DE-736ABDC96101}
		{E97FCEE6-00AC-1125-0CEC-70016D6F14CD} = {E97FCEE6-00AC-1125-0CEC-70016D6F14CD}
		{E6F99C6D-025C-0EB3-14DB-5C523D0C37FD} = {E6F99C6D-025C-0EB3-14DB-5C523D0C37FD}
		{45122449-18CA-160E-1480-48C230C197AD} = {45122449-18CA-160E-1480-48C230C197AD}
	EndProjectSection
EndProject
Project("{8BC9CEB8-8B4A-11D0-8D11-00A0C91BC942}") = "TKTopAlgo", "TKTopAlgo.vcxproj", "{67E4F82D-1760-090D-1793-6748721894C5}"
	ProjectSection(ProjectDependencies) = postProject
		{45122449-18CA-160E-1480-48C230C197AD} = {45122449-18CA-160E-1480-48C230C197AD}
		{1EBB6B54-15B8-0DE8-0FD8-A08ABFAC6D41} = {1EBB6B54-15B8-0DE8-0FD8-A08ABFAC6D41}
		{7D7B2B73-006A-1937-1337-B2A00C0F8CFF} = {7D7B2B73-006A-1937-1337-B2A00C0F8CFF}
		{E97FCEE6-00AC-1125-0CEC-70016D6F14CD} = {E97FCEE6-00AC-1125-0CEC-70016D6F14CD}
		{A899A8EF-0EEB-137F-07DE-736ABDC96101} = {A899A8EF-0EEB-137F-07DE-736ABDC96101}
		{5E47E5AD-0DC1-001A-0FE8-C406D2CAE8DC} = {5E47E5AD-0DC1-001A-0FE8-C406D2CAE8DC}
		{E6F99C6D-025C-0EB3-14DB-5C523D0C37FD} = {E6F99C6D-025C-0EB3-14DB-5C523D0C37FD}
	EndProjectSection
EndProject
Project("{8BC9CEB8-8B4A-11D0-8D11-00A0C91BC942}") = "TKPrim", "TKPrim.vcxproj", "{71D6CBB7-0D80-16B5-0221-10A906E8D47B}"
	ProjectSection(ProjectDependencies) = postProject
		{45122449-18CA-160E-1480-48C230C197AD} = {45122449-18CA-160E-1480-48C230C197AD}
		{67E4F82D-1760-090D-1793-6748721894C5} = {67E4F82D-1760-090D-1793-6748721894C5}
		{7D7B2B73-006A-1937-1337-B2A00C0F8CFF} = {7D7B2B73-006A-1937-1337-B2A00C0F8CFF}
		{1EBB6B54-15B8-0DE8-0FD8-A08ABFAC6D41} = {1EBB6B54-15B8-0DE8-0FD8-A08ABFAC6D41}
		{E97FCEE6-00AC-1125-0CEC-70016D6F14CD} = {E97FCEE6-00AC-1125-0CEC-70016D6F14CD}
		{E6F99C6D-025C-0EB3-14DB-5C523D0C37FD} = {E6F99C6D-025C-0EB3-14DB-5C523D0C37FD}
		{A899A8EF-0EEB-137F-07DE-736ABDC96101} = {A899A8EF-0EEB-137F-07DE-736ABDC96101}
	EndProjectSection
EndProject
Project("{8BC9CEB8-8B4A-11D0-8D11-00A0C91BC942}") = "TKBO", "TKBO.vcxproj", "{BC27EDD3-02EF-0B06-142A-8E7F5BD5E0F9}"
	ProjectSection(ProjectDependencies) = postProject
		{45122449-18CA-160E-1480-48C230C197AD} = {45122449-18CA-160E-1480-48C230C197AD}
		{67E4F82D-1760-090D-1793-6748721894C5} = {67E4F82D-1760-090D-1793-6748721894C5}
		{1EBB6B54-15B8-0DE8-0FD8-A08ABFAC6D41} = {1EBB6B54-15B8-0DE8-0FD8-A08ABFAC6D41}
		{7D7B2B73-006A-1937-1337-B2A00C0F8CFF} = {7D7B2B73-006A-1937-1337-B2A00C0F8CFF}
		{E97FCEE6-00AC-1125-0CEC-70016D6F14CD} = {E97FCEE6-00AC-1125-0CEC-70016D6F14CD}
		{A899A8EF-0EEB-137F-07DE-736ABDC96101} = {A899A8EF-0EEB-137F-07DE-736ABDC96101}
		{5E47E5AD-0DC1-001A-0FE8-C406D2CAE8DC} = {5E47E5AD-0DC1-001A-0FE8-C406D2CAE8DC}
		{E6F99C6D-025C-0EB3-14DB-5C523D0C37FD} = {E6F99C6D-025C-0EB3-14DB-5C523D0C37FD}
	EndProjectSection
EndProject
Project("{8BC9CEB8-8B4A-11D0-8D11-00A0C91BC942}") = "TKHLR", "TKHLR.vcxproj", "{E8F5147A-1167-0A6C-0D9B-D3BF9AEB50BD}"
	ProjectSection(ProjectDependencies) = postProject
		{45122449-18CA-160E-1480-48C230C197AD} = {45122449-18CA-160E-1480-48C230C197AD}
		{7D7B2B73-006A-1937-1337-B2A00C0F8CFF} = {7D7B2B73-006A-1937-1337-B2A00C0F8CFF}
		{1EBB6B54-15B8-0DE8-0FD8-A08ABFAC6D41} = {1EBB6B54-15B8-0DE8-0FD8-A08ABFAC6D41}
		{E6F99C6D-025C-0EB3-14DB-5C523D0C37FD} = {E6F99C6D-025C-0EB3-14DB-5C523D0C37FD}
		{E97FCEE6-00AC-1125-0CEC-70016D6F14CD} = {E97FCEE6-00AC-1125-0CEC-70016D6F14CD}
		{A899A8EF-0EEB-137F-07DE-736ABDC96101} = {A899A8EF-0EEB-137F-07DE-736ABDC96101}
		{5E47E5AD-0DC1-001A-0FE8-C406D2CAE8DC} = {5E47E5AD-0DC1-001A-0FE8-C406D2CAE8DC}
		{67E4F82D-1760-090D-1793-6748721894C5} = {67E4F82D-1760-090D-1793-6748721894C5}
	EndProjectSection
EndProject
Project("{8BC9CEB8-8B4A-11D0-8D11-00A0C91BC942}") = "TKMesh", "TKMesh.vcxproj", "{E6EC4756-16F7-123A-0846-C7006CC36926}"
	ProjectSection(ProjectDependencies) = postProject
		{45122449-18CA-160E-1480-48C230C197AD} = {45122449-18CA-160E-1480-48C230C197AD}
		{1EBB6B54-15B8-0DE8-0FD8-A08ABFAC6D41} = {1EBB6B54-15B8-0DE8-0FD8-A08ABFAC6D41}
		{7D7B2B73-006A-1937-1337-B2A00C0F8CFF} = {7D7B2B73-006A-1937-1337-B2A00C0F8CFF}
		{E97FCEE6-00AC-1125-0CEC-70016D6F14CD} = {E97FCEE6-00AC-1125-0CEC-70016D6F14CD}
		{A899A8EF-0EEB-137F-07DE-736ABDC96101} = {A899A8EF-0EEB-137F-07DE-736ABDC96101}
		{E6F99C6D-025C-0EB3-14DB-5C523D0C37FD} = {E6F99C6D-025C-0EB3-14DB-5C523D0C37FD}
		{67E4F82D-1760-090D-1793-6748721894C5} = {67E4F82D-1760-090D-1793-6748721894C5}
		{5E47E5AD-0DC1-001A-0FE8-C406D2CAE8DC} = {5E47E5AD-0DC1-001A-0FE8-C406D2CAE8DC}
	EndProjectSection
EndProject
Project("{8BC9CEB8-8B4A-11D0-8D11-00A0C91BC942}") = "TKShHealing", "TKShHealing.vcxproj", "{7E217001-0119-143F-0D11-E0C6E62FCF91}"
	ProjectSection(ProjectDependencies) = postProject
		{45122449-18CA-160E-1480-48C230C197AD} = {45122449-18CA-160E-1480-48C230C197AD}
		{7D7B2B73-006A-1937-1337-B2A00C0F8CFF} = {7D7B2B73-006A-1937-1337-B2A00C0F8CFF}
		{1EBB6B54-15B8-0DE8-0FD8-A08ABFAC6D41} = {1EBB6B54-15B8-0DE8-0FD8-A08ABFAC6D41}
		{E97FCEE6-00AC-1125-0CEC-70016D6F14CD} = {E97FCEE6-00AC-1125-0CEC-70016D6F14CD}
		{67E4F82D-1760-090D-1793-6748721894C5} = {67E4F82D-1760-090D-1793-6748721894C5}
		{A899A8EF-0EEB-137F-07DE-736ABDC96101} = {A899A8EF-0EEB-137F-07DE-736ABDC96101}
		{E6F99C6D-025C-0EB3-14DB-5C523D0C37FD} = {E6F99C6D-025C-0EB3-14DB-5C523D0C37FD}
		{5E47E5AD-0DC1-001A-0FE8-C406D2CAE8DC} = {5E47E5AD-0DC1-001A-0FE8-C406D2CAE8DC}
	EndProjectSection
EndProject
Project("{8BC9CEB8-8B4A-11D0-8D11-00A0C91BC942}") = "TKXMesh", "TKXMesh.vcxproj", "{13B401F2-1236-0EE3-0399-B825BC57DDB5}"
	ProjectSection(ProjectDependencies) = postProject
		{45122449-18CA-160E-1480-48C230C197AD} = {45122449-18CA-160E-1480-48C230C197AD}
		{1EBB6B54-15B8-0DE8-0FD8-A08ABFAC6D41} = {1EBB6B54-15B8-0DE8-0FD8-A08ABFAC6D41}
		{7D7B2B73-006A-1937-1337-B2A00C0F8CFF} = {7D7B2B73-006A-1937-1337-B2A00C0F8CFF}
		{E97FCEE6-00AC-1125-0CEC-70016D6F14CD} = {E97FCEE6-00AC-1125-0CEC-70016D6F14CD}
		{E6EC4756-16F7-123A-0846-C7006CC36926} = {E6EC4756-16F7-123A-0846-C7006CC36926}
	EndProjectSection
EndProject
Project("{8BC9CEB8-8B4A-11D0-8D11-00A0C91BC942}") = "TKBool", "TKBool.vcxproj", "{18E06B63-12D4-0BA0-178A-F693D87C5873}"
	ProjectSection(ProjectDependencies) = postProject
		{45122449-18CA-160E-1480-48C230C197AD} = {45122449-18CA-160E-1480-48C230C197AD}
		{67E4F82D-1760-090D-1793-6748721894C5} = {67E4F82D-1760-090D-1793-6748721894C5}
		{1EBB6B54-15B8-0DE8-0FD8-A08ABFAC6D41} = {1EBB6B54-15B8-0DE8-0FD8-A08ABFAC6D41}
		{7D7B2B73-006A-1937-1337-B2A00C0F8CFF} = {7D7B2B73-006A-1937-1337-B2A00C0F8CFF}
		{71D6CBB7-0D80-16B5-0221-10A906E8D47B} = {71D6CBB7-0D80-16B5-0221-10A906E8D47B}
		{E97FCEE6-00AC-1125-0CEC-70016D6F14CD} = {E97FCEE6-00AC-1125-0CEC-70016D6F14CD}
		{A899A8EF-0EEB-137F-07DE-736ABDC96101} = {A899A8EF-0EEB-137F-07DE-736ABDC96101}
		{7E217001-0119-143F-0D11-E0C6E62FCF91} = {7E217001-0119-143F-0D11-E0C6E62FCF91}
		{E6F99C6D-025C-0EB3-14DB-5C523D0C37FD} = {E6F99C6D-025C-0EB3-14DB-5C523D0C37FD}
		{5E47E5AD-0DC1-001A-0FE8-C406D2CAE8DC} = {5E47E5AD-0DC1-001A-0FE8-C406D2CAE8DC}
		{BC27EDD3-02EF-0B06-142A-8E7F5BD5E0F9} = {BC27EDD3-02EF-0B06-142A-8E7F5BD5E0F9}
	EndProjectSection
EndProject
Project("{8BC9CEB8-8B4A-11D0-8D11-00A0C91BC942}") = "TKFillet", "TKFillet.vcxproj", "{F400D445-06C9-1082-089D-B0643B598448}"
	ProjectSection(ProjectDependencies) = postProject
		{45122449-18CA-160E-1480-48C230C197AD} = {45122449-18CA-160E-1480-48C230C197AD}
		{7D7B2B73-006A-1937-1337-B2A00C0F8CFF} = {7D7B2B73-006A-1937-1337-B2A00C0F8CFF}
		{1EBB6B54-15B8-0DE8-0FD8-A08ABFAC6D41} = {1EBB6B54-15B8-0DE8-0FD8-A08ABFAC6D41}
		{18E06B63-12D4-0BA0-178A-F693D87C5873} = {18E06B63-12D4-0BA0-178A-F693D87C5873}
		{E6F99C6D-025C-0EB3-14DB-5C523D0C37FD} = {E6F99C6D-025C-0EB3-14DB-5C523D0C37FD}
		{5E47E5AD-0DC1-001A-0FE8-C406D2CAE8DC} = {5E47E5AD-0DC1-001A-0FE8-C406D2CAE8DC}
		{E97FCEE6-00AC-1125-0CEC-70016D6F14CD} = {E97FCEE6-00AC-1125-0CEC-70016D6F14CD}
		{67E4F82D-1760-090D-1793-6748721894C5} = {67E4F82D-1760-090D-1793-6748721894C5}
		{A899A8EF-0EEB-137F-07DE-736ABDC96101} = {A899A8EF-0EEB-137F-07DE-736ABDC96101}
	EndProjectSection
EndProject
Project("{8BC9CEB8-8B4A-11D0-8D11-00A0C91BC942}") = "TKFeat", "TKFeat.vcxproj", "{81285411-00B1-053B-076B-9FF6801CB18C}"
	ProjectSection(ProjectDependencies) = postProject
		{45122449-18CA-160E-1480-48C230C197AD} = {45122449-18CA-160E-1480-48C230C197AD}
		{67E4F82D-1760-090D-1793-6748721894C5} = {67E4F82D-1760-090D-1793-6748721894C5}
		{5E47E5AD-0DC1-001A-0FE8-C406D2CAE8DC} = {5E47E5AD-0DC1-001A-0FE8-C406D2CAE8DC}
		{1EBB6B54-15B8-0DE8-0FD8-A08ABFAC6D41} = {1EBB6B54-15B8-0DE8-0FD8-A08ABFAC6D41}
		{7D7B2B73-006A-1937-1337-B2A00C0F8CFF} = {7D7B2B73-006A-1937-1337-B2A00C0F8CFF}
		{E6F99C6D-025C-0EB3-14DB-5C523D0C37FD} = {E6F99C6D-025C-0EB3-14DB-5C523D0C37FD}
		{71D6CBB7-0D80-16B5-0221-10A906E8D47B} = {71D6CBB7-0D80-16B5-0221-10A906E8D47B}
		{E97FCEE6-00AC-1125-0CEC-70016D6F14CD} = {E97FCEE6-00AC-1125-0CEC-70016D6F14CD}
		{18E06B63-12D4-0BA0-178A-F693D87C5873} = {18E06B63-12D4-0BA0-178A-F693D87C5873}
		{BC27EDD3-02EF-0B06-142A-8E7F5BD5E0F9} = {BC27EDD3-02EF-0B06-142A-8E7F5BD5E0F9}
		{A899A8EF-0EEB-137F-07DE-736ABDC96101} = {A899A8EF-0EEB-137F-07DE-736ABDC96101}
	EndProjectSection
EndProject
Project("{8BC9CEB8-8B4A-11D0-8D11-00A0C91BC942}") = "TKOffset", "TKOffset.vcxproj", "{2356A291-0304-1673-0107-05BE3FBC474D}"
	ProjectSection(ProjectDependencies) = postProject
		{F400D445-06C9-1082-089D-B0643B598448} = {F400D445-06C9-1082-089D-B0643B598448}
		{45122449-18CA-160E-1480-48C230C197AD} = {45122449-18CA-160E-1480-48C230C197AD}
		{67E4F82D-1760-090D-1793-6748721894C5} = {67E4F82D-1760-090D-1793-6748721894C5}
		{1EBB6B54-15B8-0DE8-0FD8-A08ABFAC6D41} = {1EBB6B54-15B8-0DE8-0FD8-A08ABFAC6D41}
		{7D7B2B73-006A-1937-1337-B2A00C0F8CFF} = {7D7B2B73-006A-1937-1337-B2A00C0F8CFF}
		{E6F99C6D-025C-0EB3-14DB-5C523D0C37FD} = {E6F99C6D-025C-0EB3-14DB-5C523D0C37FD}
		{E97FCEE6-00AC-1125-0CEC-70016D6F14CD} = {E97FCEE6-00AC-1125-0CEC-70016D6F14CD}
		{A899A8EF-0EEB-137F-07DE-736ABDC96101} = {A899A8EF-0EEB-137F-07DE-736ABDC96101}
		{5E47E5AD-0DC1-001A-0FE8-C406D2CAE8DC} = {5E47E5AD-0DC1-001A-0FE8-C406D2CAE8DC}
		{18E06B63-12D4-0BA0-178A-F693D87C5873} = {18E06B63-12D4-0BA0-178A-F693D87C5873}
		{7E217001-0119-143F-0D11-E0C6E62FCF91} = {7E217001-0119-143F-0D11-E0C6E62FCF91}
		{BC27EDD3-02EF-0B06-142A-8E7F5BD5E0F9} = {BC27EDD3-02EF-0B06-142A-8E7F5BD5E0F9}
		{71D6CBB7-0D80-16B5-0221-10A906E8D47B} = {71D6CBB7-0D80-16B5-0221-10A906E8D47B}
	EndProjectSection
EndProject
Project("{8BC9CEB8-8B4A-11D0-8D11-00A0C91BC942}") = "TKService", "TKService.vcxproj", "{47B717C6-0DE6-0C27-0D07-073321450306}"
	ProjectSection(ProjectDependencies) = postProject
		{7D7B2B73-006A-1937-1337-B2A00C0F8CFF} = {7D7B2B73-006A-1937-1337-B2A00C0F8CFF}
		{1EBB6B54-15B8-0DE8-0FD8-A08ABFAC6D41} = {1EBB6B54-15B8-0DE8-0FD8-A08ABFAC6D41}
	EndProjectSection
EndProject
Project("{8BC9CEB8-8B4A-11D0-8D11-00A0C91BC942}") = "TKV2d", "TKV2d.vcxproj", "{26027A19-1756-1532-1653-CF4C8E316384}"
	ProjectSection(ProjectDependencies) = postProject
		{7D7B2B73-006A-1937-1337-B2A00C0F8CFF} = {7D7B2B73-006A-1937-1337-B2A00C0F8CFF}
		{1EBB6B54-15B8-0DE8-0FD8-A08ABFAC6D41} = {1EBB6B54-15B8-0DE8-0FD8-A08ABFAC6D41}
		{47B717C6-0DE6-0C27-0D07-073321450306} = {47B717C6-0DE6-0C27-0D07-073321450306}
		{E6F99C6D-025C-0EB3-14DB-5C523D0C37FD} = {E6F99C6D-025C-0EB3-14DB-5C523D0C37FD}
		{E97FCEE6-00AC-1125-0CEC-70016D6F14CD} = {E97FCEE6-00AC-1125-0CEC-70016D6F14CD}
		{5E47E5AD-0DC1-001A-0FE8-C406D2CAE8DC} = {5E47E5AD-0DC1-001A-0FE8-C406D2CAE8DC}
		{45122449-18CA-160E-1480-48C230C197AD} = {45122449-18CA-160E-1480-48C230C197AD}
		{E8F5147A-1167-0A6C-0D9B-D3BF9AEB50BD} = {E8F5147A-1167-0A6C-0D9B-D3BF9AEB50BD}
		{67E4F82D-1760-090D-1793-6748721894C5} = {67E4F82D-1760-090D-1793-6748721894C5}
		{A899A8EF-0EEB-137F-07DE-736ABDC96101} = {A899A8EF-0EEB-137F-07DE-736ABDC96101}
	EndProjectSection
EndProject
Project("{8BC9CEB8-8B4A-11D0-8D11-00A0C91BC942}") = "TKV3d", "TKV3d.vcxproj", "{FEE1FC84-05A5-1520-01A7-FEC0D80BCBA0}"
	ProjectSection(ProjectDependencies) = postProject
		{45122449-18CA-160E-1480-48C230C197AD} = {45122449-18CA-160E-1480-48C230C197AD}
		{26027A19-1756-1532-1653-CF4C8E316384} = {26027A19-1756-1532-1653-CF4C8E316384}
		{1EBB6B54-15B8-0DE8-0FD8-A08ABFAC6D41} = {1EBB6B54-15B8-0DE8-0FD8-A08ABFAC6D41}
		{7D7B2B73-006A-1937-1337-B2A00C0F8CFF} = {7D7B2B73-006A-1937-1337-B2A00C0F8CFF}
		{47B717C6-0DE6-0C27-0D07-073321450306} = {47B717C6-0DE6-0C27-0D07-073321450306}
		{E8F5147A-1167-0A6C-0D9B-D3BF9AEB50BD} = {E8F5147A-1167-0A6C-0D9B-D3BF9AEB50BD}
		{67E4F82D-1760-090D-1793-6748721894C5} = {67E4F82D-1760-090D-1793-6748721894C5}
		{E97FCEE6-00AC-1125-0CEC-70016D6F14CD} = {E97FCEE6-00AC-1125-0CEC-70016D6F14CD}
		{A899A8EF-0EEB-137F-07DE-736ABDC96101} = {A899A8EF-0EEB-137F-07DE-736ABDC96101}
		{E6F99C6D-025C-0EB3-14DB-5C523D0C37FD} = {E6F99C6D-025C-0EB3-14DB-5C523D0C37FD}
		{E6EC4756-16F7-123A-0846-C7006CC36926} = {E6EC4756-16F7-123A-0846-C7006CC36926}
		{5E47E5AD-0DC1-001A-0FE8-C406D2CAE8DC} = {5E47E5AD-0DC1-001A-0FE8-C406D2CAE8DC}
	EndProjectSection
EndProject
Project("{8BC9CEB8-8B4A-11D0-8D11-00A0C91BC942}") = "TKOpenGl", "TKOpenGl.vcxproj", "{AE0AD33C-085E-12E0-186C-44285A7DE9AF}"
	ProjectSection(ProjectDependencies) = postProject
		{FEE1FC84-05A5-1520-01A7-FEC0D80BCBA0} = {FEE1FC84-05A5-1520-01A7-FEC0D80BCBA0}
		{7D7B2B73-006A-1937-1337-B2A00C0F8CFF} = {7D7B2B73-006A-1937-1337-B2A00C0F8CFF}
		{47B717C6-0DE6-0C27-0D07-073321450306} = {47B717C6-0DE6-0C27-0D07-073321450306}
	EndProjectSection
EndProject
Project("{8BC9CEB8-8B4A-11D0-8D11-00A0C91BC942}") = "TKMeshVS", "TKMeshVS.vcxproj", "{CC993F37-04AC-0CF1-1286-FF1A2B1E6D60}"
	ProjectSection(ProjectDependencies) = postProject
		{FEE1FC84-05A5-1520-01A7-FEC0D80BCBA0} = {FEE1FC84-05A5-1520-01A7-FEC0D80BCBA0}
		{1EBB6B54-15B8-0DE8-0FD8-A08ABFAC6D41} = {1EBB6B54-15B8-0DE8-0FD8-A08ABFAC6D41}
		{47B717C6-0DE6-0C27-0D07-073321450306} = {47B717C6-0DE6-0C27-0D07-073321450306}
		{7D7B2B73-006A-1937-1337-B2A00C0F8CFF} = {7D7B2B73-006A-1937-1337-B2A00C0F8CFF}
		{A899A8EF-0EEB-137F-07DE-736ABDC96101} = {A899A8EF-0EEB-137F-07DE-736ABDC96101}
		{26027A19-1756-1532-1653-CF4C8E316384} = {26027A19-1756-1532-1653-CF4C8E316384}
		{E97FCEE6-00AC-1125-0CEC-70016D6F14CD} = {E97FCEE6-00AC-1125-0CEC-70016D6F14CD}
	EndProjectSection
EndProject
Project("{8BC9CEB8-8B4A-11D0-8D11-00A0C91BC942}") = "TKNIS", "TKNIS.vcxproj", "{79800EF1-0262-1428-0D6B-CAB880C913BA}"
	ProjectSection(ProjectDependencies) = postProject
		{45122449-18CA-160E-1480-48C230C197AD} = {45122449-18CA-160E-1480-48C230C197AD}
		{FEE1FC84-05A5-1520-01A7-FEC0D80BCBA0} = {FEE1FC84-05A5-1520-01A7-FEC0D80BCBA0}
		{1EBB6B54-15B8-0DE8-0FD8-A08ABFAC6D41} = {1EBB6B54-15B8-0DE8-0FD8-A08ABFAC6D41}
		{7D7B2B73-006A-1937-1337-B2A00C0F8CFF} = {7D7B2B73-006A-1937-1337-B2A00C0F8CFF}
		{47B717C6-0DE6-0C27-0D07-073321450306} = {47B717C6-0DE6-0C27-0D07-073321450306}
		{E97FCEE6-00AC-1125-0CEC-70016D6F14CD} = {E97FCEE6-00AC-1125-0CEC-70016D6F14CD}
		{A899A8EF-0EEB-137F-07DE-736ABDC96101} = {A899A8EF-0EEB-137F-07DE-736ABDC96101}
		{E6EC4756-16F7-123A-0846-C7006CC36926} = {E6EC4756-16F7-123A-0846-C7006CC36926}
	EndProjectSection
EndProject
Project("{8BC9CEB8-8B4A-11D0-8D11-00A0C91BC942}") = "TKVoxel", "TKVoxel.vcxproj", "{899C356E-0A27-0BA6-17BA-F6B8BC16804F}"
	ProjectSection(ProjectDependencies) = postProject
		{45122449-18CA-160E-1480-48C230C197AD} = {45122449-18CA-160E-1480-48C230C197AD}
		{7D7B2B73-006A-1937-1337-B2A00C0F8CFF} = {7D7B2B73-006A-1937-1337-B2A00C0F8CFF}
		{FEE1FC84-05A5-1520-01A7-FEC0D80BCBA0} = {FEE1FC84-05A5-1520-01A7-FEC0D80BCBA0}
		{1EBB6B54-15B8-0DE8-0FD8-A08ABFAC6D41} = {1EBB6B54-15B8-0DE8-0FD8-A08ABFAC6D41}
		{47B717C6-0DE6-0C27-0D07-073321450306} = {47B717C6-0DE6-0C27-0D07-073321450306}
		{E6F99C6D-025C-0EB3-14DB-5C523D0C37FD} = {E6F99C6D-025C-0EB3-14DB-5C523D0C37FD}
		{E97FCEE6-00AC-1125-0CEC-70016D6F14CD} = {E97FCEE6-00AC-1125-0CEC-70016D6F14CD}
		{67E4F82D-1760-090D-1793-6748721894C5} = {67E4F82D-1760-090D-1793-6748721894C5}
		{A899A8EF-0EEB-137F-07DE-736ABDC96101} = {A899A8EF-0EEB-137F-07DE-736ABDC96101}
		{26027A19-1756-1532-1653-CF4C8E316384} = {26027A19-1756-1532-1653-CF4C8E316384}
		{E6EC4756-16F7-123A-0846-C7006CC36926} = {E6EC4756-16F7-123A-0846-C7006CC36926}
	EndProjectSection
EndProject
Project("{8BC9CEB8-8B4A-11D0-8D11-00A0C91BC942}") = "TKCDF", "TKCDF.vcxproj", "{6C9511F4-1923-0054-1286-F00A574F6CF0}"
	ProjectSection(ProjectDependencies) = postProject
		{7D7B2B73-006A-1937-1337-B2A00C0F8CFF} = {7D7B2B73-006A-1937-1337-B2A00C0F8CFF}
	EndProjectSection
EndProject
Project("{8BC9CEB8-8B4A-11D0-8D11-00A0C91BC942}") = "PTKernel", "PTKernel.vcxproj", "{CDAD789A-0E4F-0485-0D0B-8B401FC80B41}"
	ProjectSection(ProjectDependencies) = postProject
		{7D7B2B73-006A-1937-1337-B2A00C0F8CFF} = {7D7B2B73-006A-1937-1337-B2A00C0F8CFF}
	EndProjectSection
EndProject
Project("{8BC9CEB8-8B4A-11D0-8D11-00A0C91BC942}") = "TKLCAF", "TKLCAF.vcxproj", "{F212F1A3-0ED9-15A2-03AF-DA65B214217A}"
	ProjectSection(ProjectDependencies) = postProject
		{6C9511F4-1923-0054-1286-F00A574F6CF0} = {6C9511F4-1923-0054-1286-F00A574F6CF0}
		{7D7B2B73-006A-1937-1337-B2A00C0F8CFF} = {7D7B2B73-006A-1937-1337-B2A00C0F8CFF}
	EndProjectSection
EndProject
Project("{8BC9CEB8-8B4A-11D0-8D11-00A0C91BC942}") = "FWOSPlugin", "FWOSPlugin.vcxproj", "{7C531E86-1349-1933-0F47-9CAC0F74D45F}"
	ProjectSection(ProjectDependencies) = postProject
		{6C9511F4-1923-0054-1286-F00A574F6CF0} = {6C9511F4-1923-0054-1286-F00A574F6CF0}
		{7D7B2B73-006A-1937-1337-B2A00C0F8CFF} = {7D7B2B73-006A-1937-1337-B2A00C0F8CFF}
	EndProjectSection
EndProject
Project("{8BC9CEB8-8B4A-11D0-8D11-00A0C91BC942}") = "TKPShape", "TKPShape.vcxproj", "{9A00EA91-12A6-03C6-0BFC-10CE1A8FF8EC}"
	ProjectSection(ProjectDependencies) = postProject
		{CDAD789A-0E4F-0485-0D0B-8B401FC80B41} = {CDAD789A-0E4F-0485-0D0B-8B401FC80B41}
		{45122449-18CA-160E-1480-48C230C197AD} = {45122449-18CA-160E-1480-48C230C197AD}
		{1EBB6B54-15B8-0DE8-0FD8-A08ABFAC6D41} = {1EBB6B54-15B8-0DE8-0FD8-A08ABFAC6D41}
		{7D7B2B73-006A-1937-1337-B2A00C0F8CFF} = {7D7B2B73-006A-1937-1337-B2A00C0F8CFF}
		{E97FCEE6-00AC-1125-0CEC-70016D6F14CD} = {E97FCEE6-00AC-1125-0CEC-70016D6F14CD}
		{A899A8EF-0EEB-137F-07DE-736ABDC96101} = {A899A8EF-0EEB-137F-07DE-736ABDC96101}
	EndProjectSection
EndProject
Project("{8BC9CEB8-8B4A-11D0-8D11-00A0C91BC942}") = "TKCAF", "TKCAF.vcxproj", "{BD065ACB-0022-00FD-189D-B2F0118F2D62}"
	ProjectSection(ProjectDependencies) = postProject
		{6C9511F4-1923-0054-1286-F00A574F6CF0} = {6C9511F4-1923-0054-1286-F00A574F6CF0}
		{7D7B2B73-006A-1937-1337-B2A00C0F8CFF} = {7D7B2B73-006A-1937-1337-B2A00C0F8CFF}
		{F212F1A3-0ED9-15A2-03AF-DA65B214217A} = {F212F1A3-0ED9-15A2-03AF-DA65B214217A}
		{E6F99C6D-025C-0EB3-14DB-5C523D0C37FD} = {E6F99C6D-025C-0EB3-14DB-5C523D0C37FD}
		{45122449-18CA-160E-1480-48C230C197AD} = {45122449-18CA-160E-1480-48C230C197AD}
		{67E4F82D-1760-090D-1793-6748721894C5} = {67E4F82D-1760-090D-1793-6748721894C5}
		{FEE1FC84-05A5-1520-01A7-FEC0D80BCBA0} = {FEE1FC84-05A5-1520-01A7-FEC0D80BCBA0}
		{1EBB6B54-15B8-0DE8-0FD8-A08ABFAC6D41} = {1EBB6B54-15B8-0DE8-0FD8-A08ABFAC6D41}
		{47B717C6-0DE6-0C27-0D07-073321450306} = {47B717C6-0DE6-0C27-0D07-073321450306}
		{E97FCEE6-00AC-1125-0CEC-70016D6F14CD} = {E97FCEE6-00AC-1125-0CEC-70016D6F14CD}
		{A899A8EF-0EEB-137F-07DE-736ABDC96101} = {A899A8EF-0EEB-137F-07DE-736ABDC96101}
		{26027A19-1756-1532-1653-CF4C8E316384} = {26027A19-1756-1532-1653-CF4C8E316384}
	EndProjectSection
EndProject
Project("{8BC9CEB8-8B4A-11D0-8D11-00A0C91BC942}") = "TKBinL", "TKBinL.vcxproj", "{03E30303-007A-1014-052C-BD8AC451BB23}"
	ProjectSection(ProjectDependencies) = postProject
		{6C9511F4-1923-0054-1286-F00A574F6CF0} = {6C9511F4-1923-0054-1286-F00A574F6CF0}
		{7D7B2B73-006A-1937-1337-B2A00C0F8CFF} = {7D7B2B73-006A-1937-1337-B2A00C0F8CFF}
		{F212F1A3-0ED9-15A2-03AF-DA65B214217A} = {F212F1A3-0ED9-15A2-03AF-DA65B214217A}
	EndProjectSection
EndProject
Project("{8BC9CEB8-8B4A-11D0-8D11-00A0C91BC942}") = "TKXmlL", "TKXmlL.vcxproj", "{0E0C34EE-02A3-01A5-1987-C3835E08E1DC}"
	ProjectSection(ProjectDependencies) = postProject
		{6C9511F4-1923-0054-1286-F00A574F6CF0} = {6C9511F4-1923-0054-1286-F00A574F6CF0}
		{7D7B2B73-006A-1937-1337-B2A00C0F8CFF} = {7D7B2B73-006A-1937-1337-B2A00C0F8CFF}
		{1EBB6B54-15B8-0DE8-0FD8-A08ABFAC6D41} = {1EBB6B54-15B8-0DE8-0FD8-A08ABFAC6D41}
		{F212F1A3-0ED9-15A2-03AF-DA65B214217A} = {F212F1A3-0ED9-15A2-03AF-DA65B214217A}
	EndProjectSection
EndProject
Project("{8BC9CEB8-8B4A-11D0-8D11-00A0C91BC942}") = "TKPLCAF", "TKPLCAF.vcxproj", "{3BFCB16D-058E-01FF-0033-AC4F24E31EFC}"
	ProjectSection(ProjectDependencies) = postProject
		{6C9511F4-1923-0054-1286-F00A574F6CF0} = {6C9511F4-1923-0054-1286-F00A574F6CF0}
		{CDAD789A-0E4F-0485-0D0B-8B401FC80B41} = {CDAD789A-0E4F-0485-0D0B-8B401FC80B41}
		{7D7B2B73-006A-1937-1337-B2A00C0F8CFF} = {7D7B2B73-006A-1937-1337-B2A00C0F8CFF}
		{F212F1A3-0ED9-15A2-03AF-DA65B214217A} = {F212F1A3-0ED9-15A2-03AF-DA65B214217A}
	EndProjectSection
EndProject
Project("{8BC9CEB8-8B4A-11D0-8D11-00A0C91BC942}") = "TKTObj", "TKTObj.vcxproj", "{D3C48108-13E9-063A-179D-89FB660436F4}"
	ProjectSection(ProjectDependencies) = postProject
		{6C9511F4-1923-0054-1286-F00A574F6CF0} = {6C9511F4-1923-0054-1286-F00A574F6CF0}
		{7D7B2B73-006A-1937-1337-B2A00C0F8CFF} = {7D7B2B73-006A-1937-1337-B2A00C0F8CFF}
		{1EBB6B54-15B8-0DE8-0FD8-A08ABFAC6D41} = {1EBB6B54-15B8-0DE8-0FD8-A08ABFAC6D41}
		{F212F1A3-0ED9-15A2-03AF-DA65B214217A} = {F212F1A3-0ED9-15A2-03AF-DA65B214217A}
	EndProjectSection
EndProject
Project("{8BC9CEB8-8B4A-11D0-8D11-00A0C91BC942}") = "TKShapeSchema", "TKShapeSchema.vcxproj", "{CEDEF3FE-0D2C-0A02-0CB8-CB41784B857F}"
	ProjectSection(ProjectDependencies) = postProject
		{6C9511F4-1923-0054-1286-F00A574F6CF0} = {6C9511F4-1923-0054-1286-F00A574F6CF0}
		{7D7B2B73-006A-1937-1337-B2A00C0F8CFF} = {7D7B2B73-006A-1937-1337-B2A00C0F8CFF}
		{9A00EA91-12A6-03C6-0BFC-10CE1A8FF8EC} = {9A00EA91-12A6-03C6-0BFC-10CE1A8FF8EC}
		{E97FCEE6-00AC-1125-0CEC-70016D6F14CD} = {E97FCEE6-00AC-1125-0CEC-70016D6F14CD}
		{CDAD789A-0E4F-0485-0D0B-8B401FC80B41} = {CDAD789A-0E4F-0485-0D0B-8B401FC80B41}
		{1EBB6B54-15B8-0DE8-0FD8-A08ABFAC6D41} = {1EBB6B54-15B8-0DE8-0FD8-A08ABFAC6D41}
	EndProjectSection
EndProject
Project("{8BC9CEB8-8B4A-11D0-8D11-00A0C91BC942}") = "TKBin", "TKBin.vcxproj", "{AF30875C-1725-061B-073F-38ACD2E7D3BB}"
	ProjectSection(ProjectDependencies) = postProject
		{45122449-18CA-160E-1480-48C230C197AD} = {45122449-18CA-160E-1480-48C230C197AD}
		{1EBB6B54-15B8-0DE8-0FD8-A08ABFAC6D41} = {1EBB6B54-15B8-0DE8-0FD8-A08ABFAC6D41}
		{7D7B2B73-006A-1937-1337-B2A00C0F8CFF} = {7D7B2B73-006A-1937-1337-B2A00C0F8CFF}
		{E97FCEE6-00AC-1125-0CEC-70016D6F14CD} = {E97FCEE6-00AC-1125-0CEC-70016D6F14CD}
		{A899A8EF-0EEB-137F-07DE-736ABDC96101} = {A899A8EF-0EEB-137F-07DE-736ABDC96101}
		{03E30303-007A-1014-052C-BD8AC451BB23} = {03E30303-007A-1014-052C-BD8AC451BB23}
		{BD065ACB-0022-00FD-189D-B2F0118F2D62} = {BD065ACB-0022-00FD-189D-B2F0118F2D62}
		{6C9511F4-1923-0054-1286-F00A574F6CF0} = {6C9511F4-1923-0054-1286-F00A574F6CF0}
		{F212F1A3-0ED9-15A2-03AF-DA65B214217A} = {F212F1A3-0ED9-15A2-03AF-DA65B214217A}
		{FEE1FC84-05A5-1520-01A7-FEC0D80BCBA0} = {FEE1FC84-05A5-1520-01A7-FEC0D80BCBA0}
	EndProjectSection
EndProject
Project("{8BC9CEB8-8B4A-11D0-8D11-00A0C91BC942}") = "TKXml", "TKXml.vcxproj", "{2F76D06F-1541-0733-02DD-A641FF96CE59}"
	ProjectSection(ProjectDependencies) = postProject
		{0E0C34EE-02A3-01A5-1987-C3835E08E1DC} = {0E0C34EE-02A3-01A5-1987-C3835E08E1DC}
		{6C9511F4-1923-0054-1286-F00A574F6CF0} = {6C9511F4-1923-0054-1286-F00A574F6CF0}
		{7D7B2B73-006A-1937-1337-B2A00C0F8CFF} = {7D7B2B73-006A-1937-1337-B2A00C0F8CFF}
		{FEE1FC84-05A5-1520-01A7-FEC0D80BCBA0} = {FEE1FC84-05A5-1520-01A7-FEC0D80BCBA0}
		{BD065ACB-0022-00FD-189D-B2F0118F2D62} = {BD065ACB-0022-00FD-189D-B2F0118F2D62}
		{1EBB6B54-15B8-0DE8-0FD8-A08ABFAC6D41} = {1EBB6B54-15B8-0DE8-0FD8-A08ABFAC6D41}
		{F212F1A3-0ED9-15A2-03AF-DA65B214217A} = {F212F1A3-0ED9-15A2-03AF-DA65B214217A}
		{45122449-18CA-160E-1480-48C230C197AD} = {45122449-18CA-160E-1480-48C230C197AD}
		{E97FCEE6-00AC-1125-0CEC-70016D6F14CD} = {E97FCEE6-00AC-1125-0CEC-70016D6F14CD}
		{E6F99C6D-025C-0EB3-14DB-5C523D0C37FD} = {E6F99C6D-025C-0EB3-14DB-5C523D0C37FD}
		{A899A8EF-0EEB-137F-07DE-736ABDC96101} = {A899A8EF-0EEB-137F-07DE-736ABDC96101}
	EndProjectSection
EndProject
Project("{8BC9CEB8-8B4A-11D0-8D11-00A0C91BC942}") = "TKPCAF", "TKPCAF.vcxproj", "{02D8D559-0F75-122E-0F13-9FC7FA9F0F1C}"
	ProjectSection(ProjectDependencies) = postProject
		{CDAD789A-0E4F-0485-0D0B-8B401FC80B41} = {CDAD789A-0E4F-0485-0D0B-8B401FC80B41}
		{45122449-18CA-160E-1480-48C230C197AD} = {45122449-18CA-160E-1480-48C230C197AD}
		{9A00EA91-12A6-03C6-0BFC-10CE1A8FF8EC} = {9A00EA91-12A6-03C6-0BFC-10CE1A8FF8EC}
		{3BFCB16D-058E-01FF-0033-AC4F24E31EFC} = {3BFCB16D-058E-01FF-0033-AC4F24E31EFC}
		{1EBB6B54-15B8-0DE8-0FD8-A08ABFAC6D41} = {1EBB6B54-15B8-0DE8-0FD8-A08ABFAC6D41}
		{7D7B2B73-006A-1937-1337-B2A00C0F8CFF} = {7D7B2B73-006A-1937-1337-B2A00C0F8CFF}
		{BD065ACB-0022-00FD-189D-B2F0118F2D62} = {BD065ACB-0022-00FD-189D-B2F0118F2D62}
		{6C9511F4-1923-0054-1286-F00A574F6CF0} = {6C9511F4-1923-0054-1286-F00A574F6CF0}
		{F212F1A3-0ED9-15A2-03AF-DA65B214217A} = {F212F1A3-0ED9-15A2-03AF-DA65B214217A}
		{E97FCEE6-00AC-1125-0CEC-70016D6F14CD} = {E97FCEE6-00AC-1125-0CEC-70016D6F14CD}
		{FEE1FC84-05A5-1520-01A7-FEC0D80BCBA0} = {FEE1FC84-05A5-1520-01A7-FEC0D80BCBA0}
		{47B717C6-0DE6-0C27-0D07-073321450306} = {47B717C6-0DE6-0C27-0D07-073321450306}
		{A899A8EF-0EEB-137F-07DE-736ABDC96101} = {A899A8EF-0EEB-137F-07DE-736ABDC96101}
		{26027A19-1756-1532-1653-CF4C8E316384} = {26027A19-1756-1532-1653-CF4C8E316384}
	EndProjectSection
EndProject
Project("{8BC9CEB8-8B4A-11D0-8D11-00A0C91BC942}") = "TKBinTObj", "TKBinTObj.vcxproj", "{028943F9-17E2-0484-0843-23B1CA363CDC}"
	ProjectSection(ProjectDependencies) = postProject
		{6C9511F4-1923-0054-1286-F00A574F6CF0} = {6C9511F4-1923-0054-1286-F00A574F6CF0}
		{7D7B2B73-006A-1937-1337-B2A00C0F8CFF} = {7D7B2B73-006A-1937-1337-B2A00C0F8CFF}
		{03E30303-007A-1014-052C-BD8AC451BB23} = {03E30303-007A-1014-052C-BD8AC451BB23}
		{D3C48108-13E9-063A-179D-89FB660436F4} = {D3C48108-13E9-063A-179D-89FB660436F4}
		{1EBB6B54-15B8-0DE8-0FD8-A08ABFAC6D41} = {1EBB6B54-15B8-0DE8-0FD8-A08ABFAC6D41}
		{F212F1A3-0ED9-15A2-03AF-DA65B214217A} = {F212F1A3-0ED9-15A2-03AF-DA65B214217A}
	EndProjectSection
EndProject
Project("{8BC9CEB8-8B4A-11D0-8D11-00A0C91BC942}") = "TKXmlTObj", "TKXmlTObj.vcxproj", "{D1E649AF-0368-0BA0-079B-872320835A3A}"
	ProjectSection(ProjectDependencies) = postProject
		{6C9511F4-1923-0054-1286-F00A574F6CF0} = {6C9511F4-1923-0054-1286-F00A574F6CF0}
		{0E0C34EE-02A3-01A5-1987-C3835E08E1DC} = {0E0C34EE-02A3-01A5-1987-C3835E08E1DC}
		{7D7B2B73-006A-1937-1337-B2A00C0F8CFF} = {7D7B2B73-006A-1937-1337-B2A00C0F8CFF}
		{D3C48108-13E9-063A-179D-89FB660436F4} = {D3C48108-13E9-063A-179D-89FB660436F4}
		{1EBB6B54-15B8-0DE8-0FD8-A08ABFAC6D41} = {1EBB6B54-15B8-0DE8-0FD8-A08ABFAC6D41}
		{F212F1A3-0ED9-15A2-03AF-DA65B214217A} = {F212F1A3-0ED9-15A2-03AF-DA65B214217A}
	EndProjectSection
EndProject
Project("{8BC9CEB8-8B4A-11D0-8D11-00A0C91BC942}") = "TKStdLSchema", "TKStdLSchema.vcxproj", "{AC342AE6-1849-06A7-18A1-AF681E1543F8}"
	ProjectSection(ProjectDependencies) = postProject
		{6C9511F4-1923-0054-1286-F00A574F6CF0} = {6C9511F4-1923-0054-1286-F00A574F6CF0}
		{CDAD789A-0E4F-0485-0D0B-8B401FC80B41} = {CDAD789A-0E4F-0485-0D0B-8B401FC80B41}
		{3BFCB16D-058E-01FF-0033-AC4F24E31EFC} = {3BFCB16D-058E-01FF-0033-AC4F24E31EFC}
		{7D7B2B73-006A-1937-1337-B2A00C0F8CFF} = {7D7B2B73-006A-1937-1337-B2A00C0F8CFF}
		{CEDEF3FE-0D2C-0A02-0CB8-CB41784B857F} = {CEDEF3FE-0D2C-0A02-0CB8-CB41784B857F}
		{F212F1A3-0ED9-15A2-03AF-DA65B214217A} = {F212F1A3-0ED9-15A2-03AF-DA65B214217A}
	EndProjectSection
EndProject
Project("{8BC9CEB8-8B4A-11D0-8D11-00A0C91BC942}") = "TKStdSchema", "TKStdSchema.vcxproj", "{A5496E87-16BD-0B6D-16A8-E3CB8A9737F3}"
	ProjectSection(ProjectDependencies) = postProject
		{6C9511F4-1923-0054-1286-F00A574F6CF0} = {6C9511F4-1923-0054-1286-F00A574F6CF0}
		{CDAD789A-0E4F-0485-0D0B-8B401FC80B41} = {CDAD789A-0E4F-0485-0D0B-8B401FC80B41}
		{3BFCB16D-058E-01FF-0033-AC4F24E31EFC} = {3BFCB16D-058E-01FF-0033-AC4F24E31EFC}
		{02D8D559-0F75-122E-0F13-9FC7FA9F0F1C} = {02D8D559-0F75-122E-0F13-9FC7FA9F0F1C}
		{7D7B2B73-006A-1937-1337-B2A00C0F8CFF} = {7D7B2B73-006A-1937-1337-B2A00C0F8CFF}
		{BD065ACB-0022-00FD-189D-B2F0118F2D62} = {BD065ACB-0022-00FD-189D-B2F0118F2D62}
		{CEDEF3FE-0D2C-0A02-0CB8-CB41784B857F} = {CEDEF3FE-0D2C-0A02-0CB8-CB41784B857F}
		{F212F1A3-0ED9-15A2-03AF-DA65B214217A} = {F212F1A3-0ED9-15A2-03AF-DA65B214217A}
		{AC342AE6-1849-06A7-18A1-AF681E1543F8} = {AC342AE6-1849-06A7-18A1-AF681E1543F8}
		{A899A8EF-0EEB-137F-07DE-736ABDC96101} = {A899A8EF-0EEB-137F-07DE-736ABDC96101}
		{9A00EA91-12A6-03C6-0BFC-10CE1A8FF8EC} = {9A00EA91-12A6-03C6-0BFC-10CE1A8FF8EC}
		{1EBB6B54-15B8-0DE8-0FD8-A08ABFAC6D41} = {1EBB6B54-15B8-0DE8-0FD8-A08ABFAC6D41}
		{E97FCEE6-00AC-1125-0CEC-70016D6F14CD} = {E97FCEE6-00AC-1125-0CEC-70016D6F14CD}
	EndProjectSection
EndProject
Project("{8BC9CEB8-8B4A-11D0-8D11-00A0C91BC942}") = "TKVRML", "TKVRML.vcxproj", "{F77AB36A-16FA-09B1-0156-88AB02B56805}"
	ProjectSection(ProjectDependencies) = postProject
		{45122449-18CA-160E-1480-48C230C197AD} = {45122449-18CA-160E-1480-48C230C197AD}
		{67E4F82D-1760-090D-1793-6748721894C5} = {67E4F82D-1760-090D-1793-6748721894C5}
		{1EBB6B54-15B8-0DE8-0FD8-A08ABFAC6D41} = {1EBB6B54-15B8-0DE8-0FD8-A08ABFAC6D41}
		{E6F99C6D-025C-0EB3-14DB-5C523D0C37FD} = {E6F99C6D-025C-0EB3-14DB-5C523D0C37FD}
		{7D7B2B73-006A-1937-1337-B2A00C0F8CFF} = {7D7B2B73-006A-1937-1337-B2A00C0F8CFF}
		{71D6CBB7-0D80-16B5-0221-10A906E8D47B} = {71D6CBB7-0D80-16B5-0221-10A906E8D47B}
		{E97FCEE6-00AC-1125-0CEC-70016D6F14CD} = {E97FCEE6-00AC-1125-0CEC-70016D6F14CD}
		{A899A8EF-0EEB-137F-07DE-736ABDC96101} = {A899A8EF-0EEB-137F-07DE-736ABDC96101}
		{E6EC4756-16F7-123A-0846-C7006CC36926} = {E6EC4756-16F7-123A-0846-C7006CC36926}
		{E8F5147A-1167-0A6C-0D9B-D3BF9AEB50BD} = {E8F5147A-1167-0A6C-0D9B-D3BF9AEB50BD}
		{47B717C6-0DE6-0C27-0D07-073321450306} = {47B717C6-0DE6-0C27-0D07-073321450306}
		{FEE1FC84-05A5-1520-01A7-FEC0D80BCBA0} = {FEE1FC84-05A5-1520-01A7-FEC0D80BCBA0}
		{5E47E5AD-0DC1-001A-0FE8-C406D2CAE8DC} = {5E47E5AD-0DC1-001A-0FE8-C406D2CAE8DC}
	EndProjectSection
EndProject
Project("{8BC9CEB8-8B4A-11D0-8D11-00A0C91BC942}") = "TKXCAF", "TKXCAF.vcxproj", "{5E71C712-0637-0D92-141E-B5808B72ABF6}"
	ProjectSection(ProjectDependencies) = postProject
		{45122449-18CA-160E-1480-48C230C197AD} = {45122449-18CA-160E-1480-48C230C197AD}
		{7D7B2B73-006A-1937-1337-B2A00C0F8CFF} = {7D7B2B73-006A-1937-1337-B2A00C0F8CFF}
		{1EBB6B54-15B8-0DE8-0FD8-A08ABFAC6D41} = {1EBB6B54-15B8-0DE8-0FD8-A08ABFAC6D41}
		{47B717C6-0DE6-0C27-0D07-073321450306} = {47B717C6-0DE6-0C27-0D07-073321450306}
		{E97FCEE6-00AC-1125-0CEC-70016D6F14CD} = {E97FCEE6-00AC-1125-0CEC-70016D6F14CD}
		{67E4F82D-1760-090D-1793-6748721894C5} = {67E4F82D-1760-090D-1793-6748721894C5}
		{FEE1FC84-05A5-1520-01A7-FEC0D80BCBA0} = {FEE1FC84-05A5-1520-01A7-FEC0D80BCBA0}
		{6C9511F4-1923-0054-1286-F00A574F6CF0} = {6C9511F4-1923-0054-1286-F00A574F6CF0}
		{F212F1A3-0ED9-15A2-03AF-DA65B214217A} = {F212F1A3-0ED9-15A2-03AF-DA65B214217A}
		{BD065ACB-0022-00FD-189D-B2F0118F2D62} = {BD065ACB-0022-00FD-189D-B2F0118F2D62}
		{A899A8EF-0EEB-137F-07DE-736ABDC96101} = {A899A8EF-0EEB-137F-07DE-736ABDC96101}
		{26027A19-1756-1532-1653-CF4C8E316384} = {26027A19-1756-1532-1653-CF4C8E316384}
	EndProjectSection
EndProject
Project("{8BC9CEB8-8B4A-11D0-8D11-00A0C91BC942}") = "TKSTL", "TKSTL.vcxproj", "{8018B7E5-1843-0702-1970-E06E50585CEE}"
	ProjectSection(ProjectDependencies) = postProject
		{7D7B2B73-006A-1937-1337-B2A00C0F8CFF} = {7D7B2B73-006A-1937-1337-B2A00C0F8CFF}
		{1EBB6B54-15B8-0DE8-0FD8-A08ABFAC6D41} = {1EBB6B54-15B8-0DE8-0FD8-A08ABFAC6D41}
		{45122449-18CA-160E-1480-48C230C197AD} = {45122449-18CA-160E-1480-48C230C197AD}
		{E97FCEE6-00AC-1125-0CEC-70016D6F14CD} = {E97FCEE6-00AC-1125-0CEC-70016D6F14CD}
		{A899A8EF-0EEB-137F-07DE-736ABDC96101} = {A899A8EF-0EEB-137F-07DE-736ABDC96101}
		{E6EC4756-16F7-123A-0846-C7006CC36926} = {E6EC4756-16F7-123A-0846-C7006CC36926}
		{67E4F82D-1760-090D-1793-6748721894C5} = {67E4F82D-1760-090D-1793-6748721894C5}
	EndProjectSection
EndProject
Project("{8BC9CEB8-8B4A-11D0-8D11-00A0C91BC942}") = "TKXSBase", "TKXSBase.vcxproj", "{DA30F095-067A-1979-049E-845C365D39B9}"
	ProjectSection(ProjectDependencies) = postProject
		{45122449-18CA-160E-1480-48C230C197AD} = {45122449-18CA-160E-1480-48C230C197AD}
		{7D7B2B73-006A-1937-1337-B2A00C0F8CFF} = {7D7B2B73-006A-1937-1337-B2A00C0F8CFF}
		{1EBB6B54-15B8-0DE8-0FD8-A08ABFAC6D41} = {1EBB6B54-15B8-0DE8-0FD8-A08ABFAC6D41}
		{E97FCEE6-00AC-1125-0CEC-70016D6F14CD} = {E97FCEE6-00AC-1125-0CEC-70016D6F14CD}
		{A899A8EF-0EEB-137F-07DE-736ABDC96101} = {A899A8EF-0EEB-137F-07DE-736ABDC96101}
		{67E4F82D-1760-090D-1793-6748721894C5} = {67E4F82D-1760-090D-1793-6748721894C5}
		{7E217001-0119-143F-0D11-E0C6E62FCF91} = {7E217001-0119-143F-0D11-E0C6E62FCF91}
		{E6F99C6D-025C-0EB3-14DB-5C523D0C37FD} = {E6F99C6D-025C-0EB3-14DB-5C523D0C37FD}
	EndProjectSection
EndProject
Project("{8BC9CEB8-8B4A-11D0-8D11-00A0C91BC942}") = "TKXCAFSchema", "TKXCAFSchema.vcxproj", "{77E3226A-183A-0D34-0ABC-10642C0351D5}"
	ProjectSection(ProjectDependencies) = postProject
		{3BFCB16D-058E-01FF-0033-AC4F24E31EFC} = {3BFCB16D-058E-01FF-0033-AC4F24E31EFC}
		{7D7B2B73-006A-1937-1337-B2A00C0F8CFF} = {7D7B2B73-006A-1937-1337-B2A00C0F8CFF}
		{CDAD789A-0E4F-0485-0D0B-8B401FC80B41} = {CDAD789A-0E4F-0485-0D0B-8B401FC80B41}
		{1EBB6B54-15B8-0DE8-0FD8-A08ABFAC6D41} = {1EBB6B54-15B8-0DE8-0FD8-A08ABFAC6D41}
		{9A00EA91-12A6-03C6-0BFC-10CE1A8FF8EC} = {9A00EA91-12A6-03C6-0BFC-10CE1A8FF8EC}
		{6C9511F4-1923-0054-1286-F00A574F6CF0} = {6C9511F4-1923-0054-1286-F00A574F6CF0}
		{CEDEF3FE-0D2C-0A02-0CB8-CB41784B857F} = {CEDEF3FE-0D2C-0A02-0CB8-CB41784B857F}
		{A5496E87-16BD-0B6D-16A8-E3CB8A9737F3} = {A5496E87-16BD-0B6D-16A8-E3CB8A9737F3}
		{F212F1A3-0ED9-15A2-03AF-DA65B214217A} = {F212F1A3-0ED9-15A2-03AF-DA65B214217A}
		{AC342AE6-1849-06A7-18A1-AF681E1543F8} = {AC342AE6-1849-06A7-18A1-AF681E1543F8}
		{5E71C712-0637-0D92-141E-B5808B72ABF6} = {5E71C712-0637-0D92-141E-B5808B72ABF6}
	EndProjectSection
EndProject
Project("{8BC9CEB8-8B4A-11D0-8D11-00A0C91BC942}") = "TKXmlXCAF", "TKXmlXCAF.vcxproj", "{F0A0CE2E-00C2-1623-1108-6EE6A9E5E9F5}"
	ProjectSection(ProjectDependencies) = postProject
		{0E0C34EE-02A3-01A5-1987-C3835E08E1DC} = {0E0C34EE-02A3-01A5-1987-C3835E08E1DC}
		{45122449-18CA-160E-1480-48C230C197AD} = {45122449-18CA-160E-1480-48C230C197AD}
		{5E71C712-0637-0D92-141E-B5808B72ABF6} = {5E71C712-0637-0D92-141E-B5808B72ABF6}
		{6C9511F4-1923-0054-1286-F00A574F6CF0} = {6C9511F4-1923-0054-1286-F00A574F6CF0}
		{1EBB6B54-15B8-0DE8-0FD8-A08ABFAC6D41} = {1EBB6B54-15B8-0DE8-0FD8-A08ABFAC6D41}
		{7D7B2B73-006A-1937-1337-B2A00C0F8CFF} = {7D7B2B73-006A-1937-1337-B2A00C0F8CFF}
		{E97FCEE6-00AC-1125-0CEC-70016D6F14CD} = {E97FCEE6-00AC-1125-0CEC-70016D6F14CD}
		{E6F99C6D-025C-0EB3-14DB-5C523D0C37FD} = {E6F99C6D-025C-0EB3-14DB-5C523D0C37FD}
		{2F76D06F-1541-0733-02DD-A641FF96CE59} = {2F76D06F-1541-0733-02DD-A641FF96CE59}
		{BD065ACB-0022-00FD-189D-B2F0118F2D62} = {BD065ACB-0022-00FD-189D-B2F0118F2D62}
		{A899A8EF-0EEB-137F-07DE-736ABDC96101} = {A899A8EF-0EEB-137F-07DE-736ABDC96101}
		{F212F1A3-0ED9-15A2-03AF-DA65B214217A} = {F212F1A3-0ED9-15A2-03AF-DA65B214217A}
	EndProjectSection
EndProject
Project("{8BC9CEB8-8B4A-11D0-8D11-00A0C91BC942}") = "TKBinXCAF", "TKBinXCAF.vcxproj", "{04A96D64-185B-0FA4-0609-37C62F71C576}"
	ProjectSection(ProjectDependencies) = postProject
		{45122449-18CA-160E-1480-48C230C197AD} = {45122449-18CA-160E-1480-48C230C197AD}
		{5E71C712-0637-0D92-141E-B5808B72ABF6} = {5E71C712-0637-0D92-141E-B5808B72ABF6}
		{1EBB6B54-15B8-0DE8-0FD8-A08ABFAC6D41} = {1EBB6B54-15B8-0DE8-0FD8-A08ABFAC6D41}
		{7D7B2B73-006A-1937-1337-B2A00C0F8CFF} = {7D7B2B73-006A-1937-1337-B2A00C0F8CFF}
		{03E30303-007A-1014-052C-BD8AC451BB23} = {03E30303-007A-1014-052C-BD8AC451BB23}
		{E97FCEE6-00AC-1125-0CEC-70016D6F14CD} = {E97FCEE6-00AC-1125-0CEC-70016D6F14CD}
		{BD065ACB-0022-00FD-189D-B2F0118F2D62} = {BD065ACB-0022-00FD-189D-B2F0118F2D62}
		{6C9511F4-1923-0054-1286-F00A574F6CF0} = {6C9511F4-1923-0054-1286-F00A574F6CF0}
		{A899A8EF-0EEB-137F-07DE-736ABDC96101} = {A899A8EF-0EEB-137F-07DE-736ABDC96101}
		{F212F1A3-0ED9-15A2-03AF-DA65B214217A} = {F212F1A3-0ED9-15A2-03AF-DA65B214217A}
		{AF30875C-1725-061B-073F-38ACD2E7D3BB} = {AF30875C-1725-061B-073F-38ACD2E7D3BB}
	EndProjectSection
EndProject
Project("{8BC9CEB8-8B4A-11D0-8D11-00A0C91BC942}") = "TKSTEPBase", "TKSTEPBase.vcxproj", "{58A685AF-085C-0E83-00C5-15F9B6B7C434}"
	ProjectSection(ProjectDependencies) = postProject
		{7D7B2B73-006A-1937-1337-B2A00C0F8CFF} = {7D7B2B73-006A-1937-1337-B2A00C0F8CFF}
		{DA30F095-067A-1979-049E-845C365D39B9} = {DA30F095-067A-1979-049E-845C365D39B9}
		{1EBB6B54-15B8-0DE8-0FD8-A08ABFAC6D41} = {1EBB6B54-15B8-0DE8-0FD8-A08ABFAC6D41}
	EndProjectSection
EndProject
Project("{8BC9CEB8-8B4A-11D0-8D11-00A0C91BC942}") = "TKIGES", "TKIGES.vcxproj", "{89A55EDD-1049-1367-0DC7-47A03D9F1F5B}"
	ProjectSection(ProjectDependencies) = postProject
		{45122449-18CA-160E-1480-48C230C197AD} = {45122449-18CA-160E-1480-48C230C197AD}
		{7D7B2B73-006A-1937-1337-B2A00C0F8CFF} = {7D7B2B73-006A-1937-1337-B2A00C0F8CFF}
		{1EBB6B54-15B8-0DE8-0FD8-A08ABFAC6D41} = {1EBB6B54-15B8-0DE8-0FD8-A08ABFAC6D41}
		{DA30F095-067A-1979-049E-845C365D39B9} = {DA30F095-067A-1979-049E-845C365D39B9}
		{67E4F82D-1760-090D-1793-6748721894C5} = {67E4F82D-1760-090D-1793-6748721894C5}
		{7E217001-0119-143F-0D11-E0C6E62FCF91} = {7E217001-0119-143F-0D11-E0C6E62FCF91}
		{E97FCEE6-00AC-1125-0CEC-70016D6F14CD} = {E97FCEE6-00AC-1125-0CEC-70016D6F14CD}
		{A899A8EF-0EEB-137F-07DE-736ABDC96101} = {A899A8EF-0EEB-137F-07DE-736ABDC96101}
		{E6F99C6D-025C-0EB3-14DB-5C523D0C37FD} = {E6F99C6D-025C-0EB3-14DB-5C523D0C37FD}
		{5E47E5AD-0DC1-001A-0FE8-C406D2CAE8DC} = {5E47E5AD-0DC1-001A-0FE8-C406D2CAE8DC}
		{71D6CBB7-0D80-16B5-0221-10A906E8D47B} = {71D6CBB7-0D80-16B5-0221-10A906E8D47B}
		{2356A291-0304-1673-0107-05BE3FBC474D} = {2356A291-0304-1673-0107-05BE3FBC474D}
		{18E06B63-12D4-0BA0-178A-F693D87C5873} = {18E06B63-12D4-0BA0-178A-F693D87C5873}
	EndProjectSection
EndProject
Project("{8BC9CEB8-8B4A-11D0-8D11-00A0C91BC942}") = "TKSTEPAttr", "TKSTEPAttr.vcxproj", "{D4AF212D-0CD1-08BD-03D9-65A1F9729296}"
	ProjectSection(ProjectDependencies) = postProject
		{7D7B2B73-006A-1937-1337-B2A00C0F8CFF} = {7D7B2B73-006A-1937-1337-B2A00C0F8CFF}
		{DA30F095-067A-1979-049E-845C365D39B9} = {DA30F095-067A-1979-049E-845C365D39B9}
		{58A685AF-085C-0E83-00C5-15F9B6B7C434} = {58A685AF-085C-0E83-00C5-15F9B6B7C434}
	EndProjectSection
EndProject
Project("{8BC9CEB8-8B4A-11D0-8D11-00A0C91BC942}") = "TKSTEP209", "TKSTEP209.vcxproj", "{5803F86F-0033-1382-135C-7A99B4109BA1}"
	ProjectSection(ProjectDependencies) = postProject
		{7D7B2B73-006A-1937-1337-B2A00C0F8CFF} = {7D7B2B73-006A-1937-1337-B2A00C0F8CFF}
		{DA30F095-067A-1979-049E-845C365D39B9} = {DA30F095-067A-1979-049E-845C365D39B9}
		{58A685AF-085C-0E83-00C5-15F9B6B7C434} = {58A685AF-085C-0E83-00C5-15F9B6B7C434}
	EndProjectSection
EndProject
Project("{8BC9CEB8-8B4A-11D0-8D11-00A0C91BC942}") = "TKXDEIGES", "TKXDEIGES.vcxproj", "{86E209AE-0D48-05F7-07D1-0D97B54E3CB5}"
	ProjectSection(ProjectDependencies) = postProject
		{45122449-18CA-160E-1480-48C230C197AD} = {45122449-18CA-160E-1480-48C230C197AD}
		{5E71C712-0637-0D92-141E-B5808B72ABF6} = {5E71C712-0637-0D92-141E-B5808B72ABF6}
		{7D7B2B73-006A-1937-1337-B2A00C0F8CFF} = {7D7B2B73-006A-1937-1337-B2A00C0F8CFF}
		{89A55EDD-1049-1367-0DC7-47A03D9F1F5B} = {89A55EDD-1049-1367-0DC7-47A03D9F1F5B}
		{1EBB6B54-15B8-0DE8-0FD8-A08ABFAC6D41} = {1EBB6B54-15B8-0DE8-0FD8-A08ABFAC6D41}
		{DA30F095-067A-1979-049E-845C365D39B9} = {DA30F095-067A-1979-049E-845C365D39B9}
		{6C9511F4-1923-0054-1286-F00A574F6CF0} = {6C9511F4-1923-0054-1286-F00A574F6CF0}
		{F212F1A3-0ED9-15A2-03AF-DA65B214217A} = {F212F1A3-0ED9-15A2-03AF-DA65B214217A}
		{E97FCEE6-00AC-1125-0CEC-70016D6F14CD} = {E97FCEE6-00AC-1125-0CEC-70016D6F14CD}
	EndProjectSection
EndProject
Project("{8BC9CEB8-8B4A-11D0-8D11-00A0C91BC942}") = "TKSTEP", "TKSTEP.vcxproj", "{2EA3DA51-00D2-0262-10DA-A956C9883801}"
	ProjectSection(ProjectDependencies) = postProject
		{7D7B2B73-006A-1937-1337-B2A00C0F8CFF} = {7D7B2B73-006A-1937-1337-B2A00C0F8CFF}
		{D4AF212D-0CD1-08BD-03D9-65A1F9729296} = {D4AF212D-0CD1-08BD-03D9-65A1F9729296}
		{DA30F095-067A-1979-049E-845C365D39B9} = {DA30F095-067A-1979-049E-845C365D39B9}
		{5803F86F-0033-1382-135C-7A99B4109BA1} = {5803F86F-0033-1382-135C-7A99B4109BA1}
		{58A685AF-085C-0E83-00C5-15F9B6B7C434} = {58A685AF-085C-0E83-00C5-15F9B6B7C434}
		{45122449-18CA-160E-1480-48C230C197AD} = {45122449-18CA-160E-1480-48C230C197AD}
		{1EBB6B54-15B8-0DE8-0FD8-A08ABFAC6D41} = {1EBB6B54-15B8-0DE8-0FD8-A08ABFAC6D41}
		{E97FCEE6-00AC-1125-0CEC-70016D6F14CD} = {E97FCEE6-00AC-1125-0CEC-70016D6F14CD}
		{7E217001-0119-143F-0D11-E0C6E62FCF91} = {7E217001-0119-143F-0D11-E0C6E62FCF91}
		{67E4F82D-1760-090D-1793-6748721894C5} = {67E4F82D-1760-090D-1793-6748721894C5}
		{A899A8EF-0EEB-137F-07DE-736ABDC96101} = {A899A8EF-0EEB-137F-07DE-736ABDC96101}
		{E6F99C6D-025C-0EB3-14DB-5C523D0C37FD} = {E6F99C6D-025C-0EB3-14DB-5C523D0C37FD}
		{5E47E5AD-0DC1-001A-0FE8-C406D2CAE8DC} = {5E47E5AD-0DC1-001A-0FE8-C406D2CAE8DC}
	EndProjectSection
EndProject
Project("{8BC9CEB8-8B4A-11D0-8D11-00A0C91BC942}") = "TKXDESTEP", "TKXDESTEP.vcxproj", "{E7A8B904-0734-0342-16A2-540865C9298F}"
	ProjectSection(ProjectDependencies) = postProject
		{45122449-18CA-160E-1480-48C230C197AD} = {45122449-18CA-160E-1480-48C230C197AD}
		{D4AF212D-0CD1-08BD-03D9-65A1F9729296} = {D4AF212D-0CD1-08BD-03D9-65A1F9729296}
		{5E71C712-0637-0D92-141E-B5808B72ABF6} = {5E71C712-0637-0D92-141E-B5808B72ABF6}
		{7D7B2B73-006A-1937-1337-B2A00C0F8CFF} = {7D7B2B73-006A-1937-1337-B2A00C0F8CFF}
		{1EBB6B54-15B8-0DE8-0FD8-A08ABFAC6D41} = {1EBB6B54-15B8-0DE8-0FD8-A08ABFAC6D41}
		{2EA3DA51-00D2-0262-10DA-A956C9883801} = {2EA3DA51-00D2-0262-10DA-A956C9883801}
		{DA30F095-067A-1979-049E-845C365D39B9} = {DA30F095-067A-1979-049E-845C365D39B9}
		{E97FCEE6-00AC-1125-0CEC-70016D6F14CD} = {E97FCEE6-00AC-1125-0CEC-70016D6F14CD}
		{BD065ACB-0022-00FD-189D-B2F0118F2D62} = {BD065ACB-0022-00FD-189D-B2F0118F2D62}
		{58A685AF-085C-0E83-00C5-15F9B6B7C434} = {58A685AF-085C-0E83-00C5-15F9B6B7C434}
		{6C9511F4-1923-0054-1286-F00A574F6CF0} = {6C9511F4-1923-0054-1286-F00A574F6CF0}
		{F212F1A3-0ED9-15A2-03AF-DA65B214217A} = {F212F1A3-0ED9-15A2-03AF-DA65B214217A}
		{A899A8EF-0EEB-137F-07DE-736ABDC96101} = {A899A8EF-0EEB-137F-07DE-736ABDC96101}
	EndProjectSection
EndProject
Project("{8BC9CEB8-8B4A-11D0-8D11-00A0C91BC942}") = "TKDraw", "TKDraw.vcxproj", "{47023763-0A84-012A-042B-4A0E0318D75A}"
	ProjectSection(ProjectDependencies) = postProject
		{7D7B2B73-006A-1937-1337-B2A00C0F8CFF} = {7D7B2B73-006A-1937-1337-B2A00C0F8CFF}
		{E97FCEE6-00AC-1125-0CEC-70016D6F14CD} = {E97FCEE6-00AC-1125-0CEC-70016D6F14CD}
		{E6F99C6D-025C-0EB3-14DB-5C523D0C37FD} = {E6F99C6D-025C-0EB3-14DB-5C523D0C37FD}
		{A899A8EF-0EEB-137F-07DE-736ABDC96101} = {A899A8EF-0EEB-137F-07DE-736ABDC96101}
		{1EBB6B54-15B8-0DE8-0FD8-A08ABFAC6D41} = {1EBB6B54-15B8-0DE8-0FD8-A08ABFAC6D41}
		{45122449-18CA-160E-1480-48C230C197AD} = {45122449-18CA-160E-1480-48C230C197AD}
		{5E47E5AD-0DC1-001A-0FE8-C406D2CAE8DC} = {5E47E5AD-0DC1-001A-0FE8-C406D2CAE8DC}
		{E8F5147A-1167-0A6C-0D9B-D3BF9AEB50BD} = {E8F5147A-1167-0A6C-0D9B-D3BF9AEB50BD}
		{67E4F82D-1760-090D-1793-6748721894C5} = {67E4F82D-1760-090D-1793-6748721894C5}
		{E6EC4756-16F7-123A-0846-C7006CC36926} = {E6EC4756-16F7-123A-0846-C7006CC36926}
		{47B717C6-0DE6-0C27-0D07-073321450306} = {47B717C6-0DE6-0C27-0D07-073321450306}
	EndProjectSection
EndProject
Project("{8BC9CEB8-8B4A-11D0-8D11-00A0C91BC942}") = "TKTopTest", "TKTopTest.vcxproj", "{5271A238-0431-066B-094E-6E8568EA8B61}"
	ProjectSection(ProjectDependencies) = postProject
		{45122449-18CA-160E-1480-48C230C197AD} = {45122449-18CA-160E-1480-48C230C197AD}
		{5E47E5AD-0DC1-001A-0FE8-C406D2CAE8DC} = {5E47E5AD-0DC1-001A-0FE8-C406D2CAE8DC}
		{67E4F82D-1760-090D-1793-6748721894C5} = {67E4F82D-1760-090D-1793-6748721894C5}
		{7D7B2B73-006A-1937-1337-B2A00C0F8CFF} = {7D7B2B73-006A-1937-1337-B2A00C0F8CFF}
		{1EBB6B54-15B8-0DE8-0FD8-A08ABFAC6D41} = {1EBB6B54-15B8-0DE8-0FD8-A08ABFAC6D41}
		{BC27EDD3-02EF-0B06-142A-8E7F5BD5E0F9} = {BC27EDD3-02EF-0B06-142A-8E7F5BD5E0F9}
		{E97FCEE6-00AC-1125-0CEC-70016D6F14CD} = {E97FCEE6-00AC-1125-0CEC-70016D6F14CD}
		{A899A8EF-0EEB-137F-07DE-736ABDC96101} = {A899A8EF-0EEB-137F-07DE-736ABDC96101}
		{47023763-0A84-012A-042B-4A0E0318D75A} = {47023763-0A84-012A-042B-4A0E0318D75A}
		{E8F5147A-1167-0A6C-0D9B-D3BF9AEB50BD} = {E8F5147A-1167-0A6C-0D9B-D3BF9AEB50BD}
		{E6F99C6D-025C-0EB3-14DB-5C523D0C37FD} = {E6F99C6D-025C-0EB3-14DB-5C523D0C37FD}
		{E6EC4756-16F7-123A-0846-C7006CC36926} = {E6EC4756-16F7-123A-0846-C7006CC36926}
		{47B717C6-0DE6-0C27-0D07-073321450306} = {47B717C6-0DE6-0C27-0D07-073321450306}
		{FEE1FC84-05A5-1520-01A7-FEC0D80BCBA0} = {FEE1FC84-05A5-1520-01A7-FEC0D80BCBA0}
		{26027A19-1756-1532-1653-CF4C8E316384} = {26027A19-1756-1532-1653-CF4C8E316384}
		{F400D445-06C9-1082-089D-B0643B598448} = {F400D445-06C9-1082-089D-B0643B598448}
		{71D6CBB7-0D80-16B5-0221-10A906E8D47B} = {71D6CBB7-0D80-16B5-0221-10A906E8D47B}
		{18E06B63-12D4-0BA0-178A-F693D87C5873} = {18E06B63-12D4-0BA0-178A-F693D87C5873}
		{2356A291-0304-1673-0107-05BE3FBC474D} = {2356A291-0304-1673-0107-05BE3FBC474D}
		{81285411-00B1-053B-076B-9FF6801CB18C} = {81285411-00B1-053B-076B-9FF6801CB18C}
	EndProjectSection
EndProject
Project("{8BC9CEB8-8B4A-11D0-8D11-00A0C91BC942}") = "TKViewerTest", "TKViewerTest.vcxproj", "{C1D48C62-0405-13D8-13B5-92964832EEF9}"
	ProjectSection(ProjectDependencies) = postProject
		{E6F99C6D-025C-0EB3-14DB-5C523D0C37FD} = {E6F99C6D-025C-0EB3-14DB-5C523D0C37FD}
		{F400D445-06C9-1082-089D-B0643B598448} = {F400D445-06C9-1082-089D-B0643B598448}
		{45122449-18CA-160E-1480-48C230C197AD} = {45122449-18CA-160E-1480-48C230C197AD}
		{67E4F82D-1760-090D-1793-6748721894C5} = {67E4F82D-1760-090D-1793-6748721894C5}
		{E8F5147A-1167-0A6C-0D9B-D3BF9AEB50BD} = {E8F5147A-1167-0A6C-0D9B-D3BF9AEB50BD}
		{26027A19-1756-1532-1653-CF4C8E316384} = {26027A19-1756-1532-1653-CF4C8E316384}
		{7D7B2B73-006A-1937-1337-B2A00C0F8CFF} = {7D7B2B73-006A-1937-1337-B2A00C0F8CFF}
		{1EBB6B54-15B8-0DE8-0FD8-A08ABFAC6D41} = {1EBB6B54-15B8-0DE8-0FD8-A08ABFAC6D41}
		{FEE1FC84-05A5-1520-01A7-FEC0D80BCBA0} = {FEE1FC84-05A5-1520-01A7-FEC0D80BCBA0}
		{79800EF1-0262-1428-0D6B-CAB880C913BA} = {79800EF1-0262-1428-0D6B-CAB880C913BA}
		{47B717C6-0DE6-0C27-0D07-073321450306} = {47B717C6-0DE6-0C27-0D07-073321450306}
		{18E06B63-12D4-0BA0-178A-F693D87C5873} = {18E06B63-12D4-0BA0-178A-F693D87C5873}
		{71D6CBB7-0D80-16B5-0221-10A906E8D47B} = {71D6CBB7-0D80-16B5-0221-10A906E8D47B}
		{5E47E5AD-0DC1-001A-0FE8-C406D2CAE8DC} = {5E47E5AD-0DC1-001A-0FE8-C406D2CAE8DC}
		{E97FCEE6-00AC-1125-0CEC-70016D6F14CD} = {E97FCEE6-00AC-1125-0CEC-70016D6F14CD}
		{5271A238-0431-066B-094E-6E8568EA8B61} = {5271A238-0431-066B-094E-6E8568EA8B61}
		{A899A8EF-0EEB-137F-07DE-736ABDC96101} = {A899A8EF-0EEB-137F-07DE-736ABDC96101}
		{47023763-0A84-012A-042B-4A0E0318D75A} = {47023763-0A84-012A-042B-4A0E0318D75A}
		{2356A291-0304-1673-0107-05BE3FBC474D} = {2356A291-0304-1673-0107-05BE3FBC474D}
		{899C356E-0A27-0BA6-17BA-F6B8BC16804F} = {899C356E-0A27-0BA6-17BA-F6B8BC16804F}
		{E6EC4756-16F7-123A-0846-C7006CC36926} = {E6EC4756-16F7-123A-0846-C7006CC36926}
		{AE0AD33C-085E-12E0-186C-44285A7DE9AF} = {AE0AD33C-085E-12E0-186C-44285A7DE9AF}
	EndProjectSection
EndProject
Project("{8BC9CEB8-8B4A-11D0-8D11-00A0C91BC942}") = "TKXSDRAW", "TKXSDRAW.vcxproj", "{94B25099-00BA-0F57-053E-BFA4551E7130}"
	ProjectSection(ProjectDependencies) = postProject
		{45122449-18CA-160E-1480-48C230C197AD} = {45122449-18CA-160E-1480-48C230C197AD}
		{F77AB36A-16FA-09B1-0156-88AB02B56805} = {F77AB36A-16FA-09B1-0156-88AB02B56805}
		{FEE1FC84-05A5-1520-01A7-FEC0D80BCBA0} = {FEE1FC84-05A5-1520-01A7-FEC0D80BCBA0}
		{1EBB6B54-15B8-0DE8-0FD8-A08ABFAC6D41} = {1EBB6B54-15B8-0DE8-0FD8-A08ABFAC6D41}
		{79800EF1-0262-1428-0D6B-CAB880C913BA} = {79800EF1-0262-1428-0D6B-CAB880C913BA}
		{7D7B2B73-006A-1937-1337-B2A00C0F8CFF} = {7D7B2B73-006A-1937-1337-B2A00C0F8CFF}
		{47B717C6-0DE6-0C27-0D07-073321450306} = {47B717C6-0DE6-0C27-0D07-073321450306}
		{DA30F095-067A-1979-049E-845C365D39B9} = {DA30F095-067A-1979-049E-845C365D39B9}
		{8018B7E5-1843-0702-1970-E06E50585CEE} = {8018B7E5-1843-0702-1970-E06E50585CEE}
		{47023763-0A84-012A-042B-4A0E0318D75A} = {47023763-0A84-012A-042B-4A0E0318D75A}
		{CC993F37-04AC-0CF1-1286-FF1A2B1E6D60} = {CC993F37-04AC-0CF1-1286-FF1A2B1E6D60}
		{A899A8EF-0EEB-137F-07DE-736ABDC96101} = {A899A8EF-0EEB-137F-07DE-736ABDC96101}
		{C1D48C62-0405-13D8-13B5-92964832EEF9} = {C1D48C62-0405-13D8-13B5-92964832EEF9}
		{26027A19-1756-1532-1653-CF4C8E316384} = {26027A19-1756-1532-1653-CF4C8E316384}
		{E97FCEE6-00AC-1125-0CEC-70016D6F14CD} = {E97FCEE6-00AC-1125-0CEC-70016D6F14CD}
		{2EA3DA51-00D2-0262-10DA-A956C9883801} = {2EA3DA51-00D2-0262-10DA-A956C9883801}
		{58A685AF-085C-0E83-00C5-15F9B6B7C434} = {58A685AF-085C-0E83-00C5-15F9B6B7C434}
		{89A55EDD-1049-1367-0DC7-47A03D9F1F5B} = {89A55EDD-1049-1367-0DC7-47A03D9F1F5B}
		{67E4F82D-1760-090D-1793-6748721894C5} = {67E4F82D-1760-090D-1793-6748721894C5}
		{7E217001-0119-143F-0D11-E0C6E62FCF91} = {7E217001-0119-143F-0D11-E0C6E62FCF91}
		{E6F99C6D-025C-0EB3-14DB-5C523D0C37FD} = {E6F99C6D-025C-0EB3-14DB-5C523D0C37FD}
		{5E47E5AD-0DC1-001A-0FE8-C406D2CAE8DC} = {5E47E5AD-0DC1-001A-0FE8-C406D2CAE8DC}
		{E6EC4756-16F7-123A-0846-C7006CC36926} = {E6EC4756-16F7-123A-0846-C7006CC36926}
	EndProjectSection
EndProject
Project("{8BC9CEB8-8B4A-11D0-8D11-00A0C91BC942}") = "TKDCAF", "TKDCAF.vcxproj", "{9E7637A1-15DD-00A8-146D-4C57D1619792}"
	ProjectSection(ProjectDependencies) = postProject
		{E6F99C6D-025C-0EB3-14DB-5C523D0C37FD} = {E6F99C6D-025C-0EB3-14DB-5C523D0C37FD}
		{45122449-18CA-160E-1480-48C230C197AD} = {45122449-18CA-160E-1480-48C230C197AD}
		{5E47E5AD-0DC1-001A-0FE8-C406D2CAE8DC} = {5E47E5AD-0DC1-001A-0FE8-C406D2CAE8DC}
		{7D7B2B73-006A-1937-1337-B2A00C0F8CFF} = {7D7B2B73-006A-1937-1337-B2A00C0F8CFF}
		{1EBB6B54-15B8-0DE8-0FD8-A08ABFAC6D41} = {1EBB6B54-15B8-0DE8-0FD8-A08ABFAC6D41}
		{E97FCEE6-00AC-1125-0CEC-70016D6F14CD} = {E97FCEE6-00AC-1125-0CEC-70016D6F14CD}
		{A899A8EF-0EEB-137F-07DE-736ABDC96101} = {A899A8EF-0EEB-137F-07DE-736ABDC96101}
		{47023763-0A84-012A-042B-4A0E0318D75A} = {47023763-0A84-012A-042B-4A0E0318D75A}
		{6C9511F4-1923-0054-1286-F00A574F6CF0} = {6C9511F4-1923-0054-1286-F00A574F6CF0}
		{FEE1FC84-05A5-1520-01A7-FEC0D80BCBA0} = {FEE1FC84-05A5-1520-01A7-FEC0D80BCBA0}
		{79800EF1-0262-1428-0D6B-CAB880C913BA} = {79800EF1-0262-1428-0D6B-CAB880C913BA}
		{47B717C6-0DE6-0C27-0D07-073321450306} = {47B717C6-0DE6-0C27-0D07-073321450306}
		{BD065ACB-0022-00FD-189D-B2F0118F2D62} = {BD065ACB-0022-00FD-189D-B2F0118F2D62}
		{F212F1A3-0ED9-15A2-03AF-DA65B214217A} = {F212F1A3-0ED9-15A2-03AF-DA65B214217A}
		{C1D48C62-0405-13D8-13B5-92964832EEF9} = {C1D48C62-0405-13D8-13B5-92964832EEF9}
		{26027A19-1756-1532-1653-CF4C8E316384} = {26027A19-1756-1532-1653-CF4C8E316384}
		{F400D445-06C9-1082-089D-B0643B598448} = {F400D445-06C9-1082-089D-B0643B598448}
		{67E4F82D-1760-090D-1793-6748721894C5} = {67E4F82D-1760-090D-1793-6748721894C5}
		{71D6CBB7-0D80-16B5-0221-10A906E8D47B} = {71D6CBB7-0D80-16B5-0221-10A906E8D47B}
		{18E06B63-12D4-0BA0-178A-F693D87C5873} = {18E06B63-12D4-0BA0-178A-F693D87C5873}
		{BC27EDD3-02EF-0B06-142A-8E7F5BD5E0F9} = {BC27EDD3-02EF-0B06-142A-8E7F5BD5E0F9}
	EndProjectSection
EndProject
Project("{8BC9CEB8-8B4A-11D0-8D11-00A0C91BC942}") = "TKXDEDRAW", "TKXDEDRAW.vcxproj", "{F9665D4C-0923-1455-057D-75A546013F7B}"
	ProjectSection(ProjectDependencies) = postProject
		{6C9511F4-1923-0054-1286-F00A574F6CF0} = {6C9511F4-1923-0054-1286-F00A574F6CF0}
		{94B25099-00BA-0F57-053E-BFA4551E7130} = {94B25099-00BA-0F57-053E-BFA4551E7130}
		{45122449-18CA-160E-1480-48C230C197AD} = {45122449-18CA-160E-1480-48C230C197AD}
		{5E71C712-0637-0D92-141E-B5808B72ABF6} = {5E71C712-0637-0D92-141E-B5808B72ABF6}
		{7D7B2B73-006A-1937-1337-B2A00C0F8CFF} = {7D7B2B73-006A-1937-1337-B2A00C0F8CFF}
		{89A55EDD-1049-1367-0DC7-47A03D9F1F5B} = {89A55EDD-1049-1367-0DC7-47A03D9F1F5B}
		{FEE1FC84-05A5-1520-01A7-FEC0D80BCBA0} = {FEE1FC84-05A5-1520-01A7-FEC0D80BCBA0}
		{1EBB6B54-15B8-0DE8-0FD8-A08ABFAC6D41} = {1EBB6B54-15B8-0DE8-0FD8-A08ABFAC6D41}
		{79800EF1-0262-1428-0D6B-CAB880C913BA} = {79800EF1-0262-1428-0D6B-CAB880C913BA}
		{47B717C6-0DE6-0C27-0D07-073321450306} = {47B717C6-0DE6-0C27-0D07-073321450306}
		{DA30F095-067A-1979-049E-845C365D39B9} = {DA30F095-067A-1979-049E-845C365D39B9}
		{E97FCEE6-00AC-1125-0CEC-70016D6F14CD} = {E97FCEE6-00AC-1125-0CEC-70016D6F14CD}
		{9E7637A1-15DD-00A8-146D-4C57D1619792} = {9E7637A1-15DD-00A8-146D-4C57D1619792}
		{BD065ACB-0022-00FD-189D-B2F0118F2D62} = {BD065ACB-0022-00FD-189D-B2F0118F2D62}
		{47023763-0A84-012A-042B-4A0E0318D75A} = {47023763-0A84-012A-042B-4A0E0318D75A}
		{67E4F82D-1760-090D-1793-6748721894C5} = {67E4F82D-1760-090D-1793-6748721894C5}
		{F212F1A3-0ED9-15A2-03AF-DA65B214217A} = {F212F1A3-0ED9-15A2-03AF-DA65B214217A}
		{A899A8EF-0EEB-137F-07DE-736ABDC96101} = {A899A8EF-0EEB-137F-07DE-736ABDC96101}
		{58A685AF-085C-0E83-00C5-15F9B6B7C434} = {58A685AF-085C-0E83-00C5-15F9B6B7C434}
		{E7A8B904-0734-0342-16A2-540865C9298F} = {E7A8B904-0734-0342-16A2-540865C9298F}
		{C1D48C62-0405-13D8-13B5-92964832EEF9} = {C1D48C62-0405-13D8-13B5-92964832EEF9}
		{2EA3DA51-00D2-0262-10DA-A956C9883801} = {2EA3DA51-00D2-0262-10DA-A956C9883801}
		{E6EC4756-16F7-123A-0846-C7006CC36926} = {E6EC4756-16F7-123A-0846-C7006CC36926}
		{86E209AE-0D48-05F7-07D1-0D97B54E3CB5} = {86E209AE-0D48-05F7-07D1-0D97B54E3CB5}
	EndProjectSection
EndProject
Project("{8BC9CEB8-8B4A-11D0-8D11-00A0C91BC942}") = "TKTObjDRAW", "TKTObjDRAW.vcxproj", "{DE373AD7-03B1-1237-0F05-825941CAE4BC}"
	ProjectSection(ProjectDependencies) = postProject
		{7D7B2B73-006A-1937-1337-B2A00C0F8CFF} = {7D7B2B73-006A-1937-1337-B2A00C0F8CFF}
		{9E7637A1-15DD-00A8-146D-4C57D1619792} = {9E7637A1-15DD-00A8-146D-4C57D1619792}
		{6C9511F4-1923-0054-1286-F00A574F6CF0} = {6C9511F4-1923-0054-1286-F00A574F6CF0}
		{F212F1A3-0ED9-15A2-03AF-DA65B214217A} = {F212F1A3-0ED9-15A2-03AF-DA65B214217A}
		{D3C48108-13E9-063A-179D-89FB660436F4} = {D3C48108-13E9-063A-179D-89FB660436F4}
		{1EBB6B54-15B8-0DE8-0FD8-A08ABFAC6D41} = {1EBB6B54-15B8-0DE8-0FD8-A08ABFAC6D41}
		{47023763-0A84-012A-042B-4A0E0318D75A} = {47023763-0A84-012A-042B-4A0E0318D75A}
	EndProjectSection
EndProject
Project("{8BC9CEB8-8B4A-11D0-8D11-00A0C91BC942}") = "DRAWEXE", "DRAWEXE.vcxproj", "{CB5483B5-17A6-0E6D-15EC-0E474C5B1A7A}"
EndProject
Global
	GlobalSection(SolutionConfigurationPlatforms) = preSolution
		Debug|Win32 = Debug|Win32
		Release|Win32 = Release|Win32
	EndGlobalSection
	GlobalSection(ProjectConfigurationPlatforms) = postSolution
		{7D7B2B73-006A-1937-1337-B2A00C0F8CFF}.Debug|Win32.ActiveCfg = Debug|Win32
		{7D7B2B73-006A-1937-1337-B2A00C0F8CFF}.Debug|Win32.Build.0 = Debug|Win32
		{7D7B2B73-006A-1937-1337-B2A00C0F8CFF}.Release|Win32.ActiveCfg = Release|Win32
		{7D7B2B73-006A-1937-1337-B2A00C0F8CFF}.Release|Win32.Build.0 = Release|Win32
		{1EBB6B54-15B8-0DE8-0FD8-A08ABFAC6D41}.Debug|Win32.ActiveCfg = Debug|Win32
		{1EBB6B54-15B8-0DE8-0FD8-A08ABFAC6D41}.Debug|Win32.Build.0 = Debug|Win32
		{1EBB6B54-15B8-0DE8-0FD8-A08ABFAC6D41}.Release|Win32.ActiveCfg = Release|Win32
		{1EBB6B54-15B8-0DE8-0FD8-A08ABFAC6D41}.Release|Win32.Build.0 = Release|Win32
		{04E65A2B-187F-03FD-09EF-5F444B621A1B}.Debug|Win32.ActiveCfg = Debug|Win32
		{04E65A2B-187F-03FD-09EF-5F444B621A1B}.Debug|Win32.Build.0 = Debug|Win32
		{04E65A2B-187F-03FD-09EF-5F444B621A1B}.Release|Win32.ActiveCfg = Release|Win32
		{04E65A2B-187F-03FD-09EF-5F444B621A1B}.Release|Win32.Build.0 = Release|Win32
		{E97FCEE6-00AC-1125-0CEC-70016D6F14CD}.Debug|Win32.ActiveCfg = Debug|Win32
		{E97FCEE6-00AC-1125-0CEC-70016D6F14CD}.Debug|Win32.Build.0 = Debug|Win32
		{E97FCEE6-00AC-1125-0CEC-70016D6F14CD}.Release|Win32.ActiveCfg = Release|Win32
		{E97FCEE6-00AC-1125-0CEC-70016D6F14CD}.Release|Win32.Build.0 = Release|Win32
		{A899A8EF-0EEB-137F-07DE-736ABDC96101}.Debug|Win32.ActiveCfg = Debug|Win32
		{A899A8EF-0EEB-137F-07DE-736ABDC96101}.Debug|Win32.Build.0 = Debug|Win32
		{A899A8EF-0EEB-137F-07DE-736ABDC96101}.Release|Win32.ActiveCfg = Release|Win32
		{A899A8EF-0EEB-137F-07DE-736ABDC96101}.Release|Win32.Build.0 = Release|Win32
		{E6F99C6D-025C-0EB3-14DB-5C523D0C37FD}.Debug|Win32.ActiveCfg = Debug|Win32
		{E6F99C6D-025C-0EB3-14DB-5C523D0C37FD}.Debug|Win32.Build.0 = Debug|Win32
		{E6F99C6D-025C-0EB3-14DB-5C523D0C37FD}.Release|Win32.ActiveCfg = Release|Win32
		{E6F99C6D-025C-0EB3-14DB-5C523D0C37FD}.Release|Win32.Build.0 = Release|Win32
		{45122449-18CA-160E-1480-48C230C197AD}.Debug|Win32.ActiveCfg = Debug|Win32
		{45122449-18CA-160E-1480-48C230C197AD}.Debug|Win32.Build.0 = Debug|Win32
		{45122449-18CA-160E-1480-48C230C197AD}.Release|Win32.ActiveCfg = Release|Win32
		{45122449-18CA-160E-1480-48C230C197AD}.Release|Win32.Build.0 = Release|Win32
		{5E47E5AD-0DC1-001A-0FE8-C406D2CAE8DC}.Debug|Win32.ActiveCfg = Debug|Win32
		{5E47E5AD-0DC1-001A-0FE8-C406D2CAE8DC}.Debug|Win32.Build.0 = Debug|Win32
		{5E47E5AD-0DC1-001A-0FE8-C406D2CAE8DC}.Release|Win32.ActiveCfg = Release|Win32
		{5E47E5AD-0DC1-001A-0FE8-C406D2CAE8DC}.Release|Win32.Build.0 = Release|Win32
		{67E4F82D-1760-090D-1793-6748721894C5}.Debug|Win32.ActiveCfg = Debug|Win32
		{67E4F82D-1760-090D-1793-6748721894C5}.Debug|Win32.Build.0 = Debug|Win32
		{67E4F82D-1760-090D-1793-6748721894C5}.Release|Win32.ActiveCfg = Release|Win32
		{67E4F82D-1760-090D-1793-6748721894C5}.Release|Win32.Build.0 = Release|Win32
		{71D6CBB7-0D80-16B5-0221-10A906E8D47B}.Debug|Win32.ActiveCfg = Debug|Win32
		{71D6CBB7-0D80-16B5-0221-10A906E8D47B}.Debug|Win32.Build.0 = Debug|Win32
		{71D6CBB7-0D80-16B5-0221-10A906E8D47B}.Release|Win32.ActiveCfg = Release|Win32
		{71D6CBB7-0D80-16B5-0221-10A906E8D47B}.Release|Win32.Build.0 = Release|Win32
		{BC27EDD3-02EF-0B06-142A-8E7F5BD5E0F9}.Debug|Win32.ActiveCfg = Debug|Win32
		{BC27EDD3-02EF-0B06-142A-8E7F5BD5E0F9}.Debug|Win32.Build.0 = Debug|Win32
		{BC27EDD3-02EF-0B06-142A-8E7F5BD5E0F9}.Release|Win32.ActiveCfg = Release|Win32
		{BC27EDD3-02EF-0B06-142A-8E7F5BD5E0F9}.Release|Win32.Build.0 = Release|Win32
		{E8F5147A-1167-0A6C-0D9B-D3BF9AEB50BD}.Debug|Win32.ActiveCfg = Debug|Win32
		{E8F5147A-1167-0A6C-0D9B-D3BF9AEB50BD}.Debug|Win32.Build.0 = Debug|Win32
		{E8F5147A-1167-0A6C-0D9B-D3BF9AEB50BD}.Release|Win32.ActiveCfg = Release|Win32
		{E8F5147A-1167-0A6C-0D9B-D3BF9AEB50BD}.Release|Win32.Build.0 = Release|Win32
		{E6EC4756-16F7-123A-0846-C7006CC36926}.Debug|Win32.ActiveCfg = Debug|Win32
		{E6EC4756-16F7-123A-0846-C7006CC36926}.Debug|Win32.Build.0 = Debug|Win32
		{E6EC4756-16F7-123A-0846-C7006CC36926}.Release|Win32.ActiveCfg = Release|Win32
		{E6EC4756-16F7-123A-0846-C7006CC36926}.Release|Win32.Build.0 = Release|Win32
		{7E217001-0119-143F-0D11-E0C6E62FCF91}.Debug|Win32.ActiveCfg = Debug|Win32
		{7E217001-0119-143F-0D11-E0C6E62FCF91}.Debug|Win32.Build.0 = Debug|Win32
		{7E217001-0119-143F-0D11-E0C6E62FCF91}.Release|Win32.ActiveCfg = Release|Win32
		{7E217001-0119-143F-0D11-E0C6E62FCF91}.Release|Win32.Build.0 = Release|Win32
		{13B401F2-1236-0EE3-0399-B825BC57DDB5}.Debug|Win32.ActiveCfg = Debug|Win32
		{13B401F2-1236-0EE3-0399-B825BC57DDB5}.Debug|Win32.Build.0 = Debug|Win32
		{13B401F2-1236-0EE3-0399-B825BC57DDB5}.Release|Win32.ActiveCfg = Release|Win32
		{13B401F2-1236-0EE3-0399-B825BC57DDB5}.Release|Win32.Build.0 = Release|Win32
		{18E06B63-12D4-0BA0-178A-F693D87C5873}.Debug|Win32.ActiveCfg = Debug|Win32
		{18E06B63-12D4-0BA0-178A-F693D87C5873}.Debug|Win32.Build.0 = Debug|Win32
		{18E06B63-12D4-0BA0-178A-F693D87C5873}.Release|Win32.ActiveCfg = Release|Win32
		{18E06B63-12D4-0BA0-178A-F693D87C5873}.Release|Win32.Build.0 = Release|Win32
		{F400D445-06C9-1082-089D-B0643B598448}.Debug|Win32.ActiveCfg = Debug|Win32
		{F400D445-06C9-1082-089D-B0643B598448}.Debug|Win32.Build.0 = Debug|Win32
		{F400D445-06C9-1082-089D-B0643B598448}.Release|Win32.ActiveCfg = Release|Win32
		{F400D445-06C9-1082-089D-B0643B598448}.Release|Win32.Build.0 = Release|Win32
		{81285411-00B1-053B-076B-9FF6801CB18C}.Debug|Win32.ActiveCfg = Debug|Win32
		{81285411-00B1-053B-076B-9FF6801CB18C}.Debug|Win32.Build.0 = Debug|Win32
		{81285411-00B1-053B-076B-9FF6801CB18C}.Release|Win32.ActiveCfg = Release|Win32
		{81285411-00B1-053B-076B-9FF6801CB18C}.Release|Win32.Build.0 = Release|Win32
		{2356A291-0304-1673-0107-05BE3FBC474D}.Debug|Win32.ActiveCfg = Debug|Win32
		{2356A291-0304-1673-0107-05BE3FBC474D}.Debug|Win32.Build.0 = Debug|Win32
		{2356A291-0304-1673-0107-05BE3FBC474D}.Release|Win32.ActiveCfg = Release|Win32
		{2356A291-0304-1673-0107-05BE3FBC474D}.Release|Win32.Build.0 = Release|Win32
		{47B717C6-0DE6-0C27-0D07-073321450306}.Debug|Win32.ActiveCfg = Debug|Win32
		{47B717C6-0DE6-0C27-0D07-073321450306}.Debug|Win32.Build.0 = Debug|Win32
		{47B717C6-0DE6-0C27-0D07-073321450306}.Release|Win32.ActiveCfg = Release|Win32
		{47B717C6-0DE6-0C27-0D07-073321450306}.Release|Win32.Build.0 = Release|Win32
		{26027A19-1756-1532-1653-CF4C8E316384}.Debug|Win32.ActiveCfg = Debug|Win32
		{26027A19-1756-1532-1653-CF4C8E316384}.Debug|Win32.Build.0 = Debug|Win32
		{26027A19-1756-1532-1653-CF4C8E316384}.Release|Win32.ActiveCfg = Release|Win32
		{26027A19-1756-1532-1653-CF4C8E316384}.Release|Win32.Build.0 = Release|Win32
		{FEE1FC84-05A5-1520-01A7-FEC0D80BCBA0}.Debug|Win32.ActiveCfg = Debug|Win32
		{FEE1FC84-05A5-1520-01A7-FEC0D80BCBA0}.Debug|Win32.Build.0 = Debug|Win32
		{FEE1FC84-05A5-1520-01A7-FEC0D80BCBA0}.Release|Win32.ActiveCfg = Release|Win32
		{FEE1FC84-05A5-1520-01A7-FEC0D80BCBA0}.Release|Win32.Build.0 = Release|Win32
		{AE0AD33C-085E-12E0-186C-44285A7DE9AF}.Debug|Win32.ActiveCfg = Debug|Win32
		{AE0AD33C-085E-12E0-186C-44285A7DE9AF}.Debug|Win32.Build.0 = Debug|Win32
		{AE0AD33C-085E-12E0-186C-44285A7DE9AF}.Release|Win32.ActiveCfg = Release|Win32
		{AE0AD33C-085E-12E0-186C-44285A7DE9AF}.Release|Win32.Build.0 = Release|Win32
		{CC993F37-04AC-0CF1-1286-FF1A2B1E6D60}.Debug|Win32.ActiveCfg = Debug|Win32
		{CC993F37-04AC-0CF1-1286-FF1A2B1E6D60}.Debug|Win32.Build.0 = Debug|Win32
		{CC993F37-04AC-0CF1-1286-FF1A2B1E6D60}.Release|Win32.ActiveCfg = Release|Win32
		{CC993F37-04AC-0CF1-1286-FF1A2B1E6D60}.Release|Win32.Build.0 = Release|Win32
		{79800EF1-0262-1428-0D6B-CAB880C913BA}.Debug|Win32.ActiveCfg = Debug|Win32
		{79800EF1-0262-1428-0D6B-CAB880C913BA}.Debug|Win32.Build.0 = Debug|Win32
		{79800EF1-0262-1428-0D6B-CAB880C913BA}.Release|Win32.ActiveCfg = Release|Win32
		{79800EF1-0262-1428-0D6B-CAB880C913BA}.Release|Win32.Build.0 = Release|Win32
		{899C356E-0A27-0BA6-17BA-F6B8BC16804F}.Debug|Win32.ActiveCfg = Debug|Win32
		{899C356E-0A27-0BA6-17BA-F6B8BC16804F}.Debug|Win32.Build.0 = Debug|Win32
		{899C356E-0A27-0BA6-17BA-F6B8BC16804F}.Release|Win32.ActiveCfg = Release|Win32
		{899C356E-0A27-0BA6-17BA-F6B8BC16804F}.Release|Win32.Build.0 = Release|Win32
		{6C9511F4-1923-0054-1286-F00A574F6CF0}.Debug|Win32.ActiveCfg = Debug|Win32
		{6C9511F4-1923-0054-1286-F00A574F6CF0}.Debug|Win32.Build.0 = Debug|Win32
		{6C9511F4-1923-0054-1286-F00A574F6CF0}.Release|Win32.ActiveCfg = Release|Win32
		{6C9511F4-1923-0054-1286-F00A574F6CF0}.Release|Win32.Build.0 = Release|Win32
		{CDAD789A-0E4F-0485-0D0B-8B401FC80B41}.Debug|Win32.ActiveCfg = Debug|Win32
		{CDAD789A-0E4F-0485-0D0B-8B401FC80B41}.Debug|Win32.Build.0 = Debug|Win32
		{CDAD789A-0E4F-0485-0D0B-8B401FC80B41}.Release|Win32.ActiveCfg = Release|Win32
		{CDAD789A-0E4F-0485-0D0B-8B401FC80B41}.Release|Win32.Build.0 = Release|Win32
		{F212F1A3-0ED9-15A2-03AF-DA65B214217A}.Debug|Win32.ActiveCfg = Debug|Win32
		{F212F1A3-0ED9-15A2-03AF-DA65B214217A}.Debug|Win32.Build.0 = Debug|Win32
		{F212F1A3-0ED9-15A2-03AF-DA65B214217A}.Release|Win32.ActiveCfg = Release|Win32
		{F212F1A3-0ED9-15A2-03AF-DA65B214217A}.Release|Win32.Build.0 = Release|Win32
		{7C531E86-1349-1933-0F47-9CAC0F74D45F}.Debug|Win32.ActiveCfg = Debug|Win32
		{7C531E86-1349-1933-0F47-9CAC0F74D45F}.Debug|Win32.Build.0 = Debug|Win32
		{7C531E86-1349-1933-0F47-9CAC0F74D45F}.Release|Win32.ActiveCfg = Release|Win32
		{7C531E86-1349-1933-0F47-9CAC0F74D45F}.Release|Win32.Build.0 = Release|Win32
		{9A00EA91-12A6-03C6-0BFC-10CE1A8FF8EC}.Debug|Win32.ActiveCfg = Debug|Win32
		{9A00EA91-12A6-03C6-0BFC-10CE1A8FF8EC}.Debug|Win32.Build.0 = Debug|Win32
		{9A00EA91-12A6-03C6-0BFC-10CE1A8FF8EC}.Release|Win32.ActiveCfg = Release|Win32
		{9A00EA91-12A6-03C6-0BFC-10CE1A8FF8EC}.Release|Win32.Build.0 = Release|Win32
		{BD065ACB-0022-00FD-189D-B2F0118F2D62}.Debug|Win32.ActiveCfg = Debug|Win32
		{BD065ACB-0022-00FD-189D-B2F0118F2D62}.Debug|Win32.Build.0 = Debug|Win32
		{BD065ACB-0022-00FD-189D-B2F0118F2D62}.Release|Win32.ActiveCfg = Release|Win32
		{BD065ACB-0022-00FD-189D-B2F0118F2D62}.Release|Win32.Build.0 = Release|Win32
		{03E30303-007A-1014-052C-BD8AC451BB23}.Debug|Win32.ActiveCfg = Debug|Win32
		{03E30303-007A-1014-052C-BD8AC451BB23}.Debug|Win32.Build.0 = Debug|Win32
		{03E30303-007A-1014-052C-BD8AC451BB23}.Release|Win32.ActiveCfg = Release|Win32
		{03E30303-007A-1014-052C-BD8AC451BB23}.Release|Win32.Build.0 = Release|Win32
		{0E0C34EE-02A3-01A5-1987-C3835E08E1DC}.Debug|Win32.ActiveCfg = Debug|Win32
		{0E0C34EE-02A3-01A5-1987-C3835E08E1DC}.Debug|Win32.Build.0 = Debug|Win32
		{0E0C34EE-02A3-01A5-1987-C3835E08E1DC}.Release|Win32.ActiveCfg = Release|Win32
		{0E0C34EE-02A3-01A5-1987-C3835E08E1DC}.Release|Win32.Build.0 = Release|Win32
		{3BFCB16D-058E-01FF-0033-AC4F24E31EFC}.Debug|Win32.ActiveCfg = Debug|Win32
		{3BFCB16D-058E-01FF-0033-AC4F24E31EFC}.Debug|Win32.Build.0 = Debug|Win32
		{3BFCB16D-058E-01FF-0033-AC4F24E31EFC}.Release|Win32.ActiveCfg = Release|Win32
		{3BFCB16D-058E-01FF-0033-AC4F24E31EFC}.Release|Win32.Build.0 = Release|Win32
		{D3C48108-13E9-063A-179D-89FB660436F4}.Debug|Win32.ActiveCfg = Debug|Win32
		{D3C48108-13E9-063A-179D-89FB660436F4}.Debug|Win32.Build.0 = Debug|Win32
		{D3C48108-13E9-063A-179D-89FB660436F4}.Release|Win32.ActiveCfg = Release|Win32
		{D3C48108-13E9-063A-179D-89FB660436F4}.Release|Win32.Build.0 = Release|Win32
		{CEDEF3FE-0D2C-0A02-0CB8-CB41784B857F}.Debug|Win32.ActiveCfg = Debug|Win32
		{CEDEF3FE-0D2C-0A02-0CB8-CB41784B857F}.Debug|Win32.Build.0 = Debug|Win32
		{CEDEF3FE-0D2C-0A02-0CB8-CB41784B857F}.Release|Win32.ActiveCfg = Release|Win32
		{CEDEF3FE-0D2C-0A02-0CB8-CB41784B857F}.Release|Win32.Build.0 = Release|Win32
		{AF30875C-1725-061B-073F-38ACD2E7D3BB}.Debug|Win32.ActiveCfg = Debug|Win32
		{AF30875C-1725-061B-073F-38ACD2E7D3BB}.Debug|Win32.Build.0 = Debug|Win32
		{AF30875C-1725-061B-073F-38ACD2E7D3BB}.Release|Win32.ActiveCfg = Release|Win32
		{AF30875C-1725-061B-073F-38ACD2E7D3BB}.Release|Win32.Build.0 = Release|Win32
		{2F76D06F-1541-0733-02DD-A641FF96CE59}.Debug|Win32.ActiveCfg = Debug|Win32
		{2F76D06F-1541-0733-02DD-A641FF96CE59}.Debug|Win32.Build.0 = Debug|Win32
		{2F76D06F-1541-0733-02DD-A641FF96CE59}.Release|Win32.ActiveCfg = Release|Win32
		{2F76D06F-1541-0733-02DD-A641FF96CE59}.Release|Win32.Build.0 = Release|Win32
		{02D8D559-0F75-122E-0F13-9FC7FA9F0F1C}.Debug|Win32.ActiveCfg = Debug|Win32
		{02D8D559-0F75-122E-0F13-9FC7FA9F0F1C}.Debug|Win32.Build.0 = Debug|Win32
		{02D8D559-0F75-122E-0F13-9FC7FA9F0F1C}.Release|Win32.ActiveCfg = Release|Win32
		{02D8D559-0F75-122E-0F13-9FC7FA9F0F1C}.Release|Win32.Build.0 = Release|Win32
		{028943F9-17E2-0484-0843-23B1CA363CDC}.Debug|Win32.ActiveCfg = Debug|Win32
		{028943F9-17E2-0484-0843-23B1CA363CDC}.Debug|Win32.Build.0 = Debug|Win32
		{028943F9-17E2-0484-0843-23B1CA363CDC}.Release|Win32.ActiveCfg = Release|Win32
		{028943F9-17E2-0484-0843-23B1CA363CDC}.Release|Win32.Build.0 = Release|Win32
		{D1E649AF-0368-0BA0-079B-872320835A3A}.Debug|Win32.ActiveCfg = Debug|Win32
		{D1E649AF-0368-0BA0-079B-872320835A3A}.Debug|Win32.Build.0 = Debug|Win32
		{D1E649AF-0368-0BA0-079B-872320835A3A}.Release|Win32.ActiveCfg = Release|Win32
		{D1E649AF-0368-0BA0-079B-872320835A3A}.Release|Win32.Build.0 = Release|Win32
		{AC342AE6-1849-06A7-18A1-AF681E1543F8}.Debug|Win32.ActiveCfg = Debug|Win32
		{AC342AE6-1849-06A7-18A1-AF681E1543F8}.Debug|Win32.Build.0 = Debug|Win32
		{AC342AE6-1849-06A7-18A1-AF681E1543F8}.Release|Win32.ActiveCfg = Release|Win32
		{AC342AE6-1849-06A7-18A1-AF681E1543F8}.Release|Win32.Build.0 = Release|Win32
		{A5496E87-16BD-0B6D-16A8-E3CB8A9737F3}.Debug|Win32.ActiveCfg = Debug|Win32
		{A5496E87-16BD-0B6D-16A8-E3CB8A9737F3}.Debug|Win32.Build.0 = Debug|Win32
		{A5496E87-16BD-0B6D-16A8-E3CB8A9737F3}.Release|Win32.ActiveCfg = Release|Win32
		{A5496E87-16BD-0B6D-16A8-E3CB8A9737F3}.Release|Win32.Build.0 = Release|Win32
		{F77AB36A-16FA-09B1-0156-88AB02B56805}.Debug|Win32.ActiveCfg = Debug|Win32
		{F77AB36A-16FA-09B1-0156-88AB02B56805}.Debug|Win32.Build.0 = Debug|Win32
		{F77AB36A-16FA-09B1-0156-88AB02B56805}.Release|Win32.ActiveCfg = Release|Win32
		{F77AB36A-16FA-09B1-0156-88AB02B56805}.Release|Win32.Build.0 = Release|Win32
		{5E71C712-0637-0D92-141E-B5808B72ABF6}.Debug|Win32.ActiveCfg = Debug|Win32
		{5E71C712-0637-0D92-141E-B5808B72ABF6}.Debug|Win32.Build.0 = Debug|Win32
		{5E71C712-0637-0D92-141E-B5808B72ABF6}.Release|Win32.ActiveCfg = Release|Win32
		{5E71C712-0637-0D92-141E-B5808B72ABF6}.Release|Win32.Build.0 = Release|Win32
		{8018B7E5-1843-0702-1970-E06E50585CEE}.Debug|Win32.ActiveCfg = Debug|Win32
		{8018B7E5-1843-0702-1970-E06E50585CEE}.Debug|Win32.Build.0 = Debug|Win32
		{8018B7E5-1843-0702-1970-E06E50585CEE}.Release|Win32.ActiveCfg = Release|Win32
		{8018B7E5-1843-0702-1970-E06E50585CEE}.Release|Win32.Build.0 = Release|Win32
		{DA30F095-067A-1979-049E-845C365D39B9}.Debug|Win32.ActiveCfg = Debug|Win32
		{DA30F095-067A-1979-049E-845C365D39B9}.Debug|Win32.Build.0 = Debug|Win32
		{DA30F095-067A-1979-049E-845C365D39B9}.Release|Win32.ActiveCfg = Release|Win32
		{DA30F095-067A-1979-049E-845C365D39B9}.Release|Win32.Build.0 = Release|Win32
		{77E3226A-183A-0D34-0ABC-10642C0351D5}.Debug|Win32.ActiveCfg = Debug|Win32
		{77E3226A-183A-0D34-0ABC-10642C0351D5}.Debug|Win32.Build.0 = Debug|Win32
		{77E3226A-183A-0D34-0ABC-10642C0351D5}.Release|Win32.ActiveCfg = Release|Win32
		{77E3226A-183A-0D34-0ABC-10642C0351D5}.Release|Win32.Build.0 = Release|Win32
		{F0A0CE2E-00C2-1623-1108-6EE6A9E5E9F5}.Debug|Win32.ActiveCfg = Debug|Win32
		{F0A0CE2E-00C2-1623-1108-6EE6A9E5E9F5}.Debug|Win32.Build.0 = Debug|Win32
		{F0A0CE2E-00C2-1623-1108-6EE6A9E5E9F5}.Release|Win32.ActiveCfg = Release|Win32
		{F0A0CE2E-00C2-1623-1108-6EE6A9E5E9F5}.Release|Win32.Build.0 = Release|Win32
		{04A96D64-185B-0FA4-0609-37C62F71C576}.Debug|Win32.ActiveCfg = Debug|Win32
		{04A96D64-185B-0FA4-0609-37C62F71C576}.Debug|Win32.Build.0 = Debug|Win32
		{04A96D64-185B-0FA4-0609-37C62F71C576}.Release|Win32.ActiveCfg = Release|Win32
		{04A96D64-185B-0FA4-0609-37C62F71C576}.Release|Win32.Build.0 = Release|Win32
		{58A685AF-085C-0E83-00C5-15F9B6B7C434}.Debug|Win32.ActiveCfg = Debug|Win32
		{58A685AF-085C-0E83-00C5-15F9B6B7C434}.Debug|Win32.Build.0 = Debug|Win32
		{58A685AF-085C-0E83-00C5-15F9B6B7C434}.Release|Win32.ActiveCfg = Release|Win32
		{58A685AF-085C-0E83-00C5-15F9B6B7C434}.Release|Win32.Build.0 = Release|Win32
		{89A55EDD-1049-1367-0DC7-47A03D9F1F5B}.Debug|Win32.ActiveCfg = Debug|Win32
		{89A55EDD-1049-1367-0DC7-47A03D9F1F5B}.Debug|Win32.Build.0 = Debug|Win32
		{89A55EDD-1049-1367-0DC7-47A03D9F1F5B}.Release|Win32.ActiveCfg = Release|Win32
		{89A55EDD-1049-1367-0DC7-47A03D9F1F5B}.Release|Win32.Build.0 = Release|Win32
		{D4AF212D-0CD1-08BD-03D9-65A1F9729296}.Debug|Win32.ActiveCfg = Debug|Win32
		{D4AF212D-0CD1-08BD-03D9-65A1F9729296}.Debug|Win32.Build.0 = Debug|Win32
		{D4AF212D-0CD1-08BD-03D9-65A1F9729296}.Release|Win32.ActiveCfg = Release|Win32
		{D4AF212D-0CD1-08BD-03D9-65A1F9729296}.Release|Win32.Build.0 = Release|Win32
		{5803F86F-0033-1382-135C-7A99B4109BA1}.Debug|Win32.ActiveCfg = Debug|Win32
		{5803F86F-0033-1382-135C-7A99B4109BA1}.Debug|Win32.Build.0 = Debug|Win32
		{5803F86F-0033-1382-135C-7A99B4109BA1}.Release|Win32.ActiveCfg = Release|Win32
		{5803F86F-0033-1382-135C-7A99B4109BA1}.Release|Win32.Build.0 = Release|Win32
		{86E209AE-0D48-05F7-07D1-0D97B54E3CB5}.Debug|Win32.ActiveCfg = Debug|Win32
		{86E209AE-0D48-05F7-07D1-0D97B54E3CB5}.Debug|Win32.Build.0 = Debug|Win32
		{86E209AE-0D48-05F7-07D1-0D97B54E3CB5}.Release|Win32.ActiveCfg = Release|Win32
		{86E209AE-0D48-05F7-07D1-0D97B54E3CB5}.Release|Win32.Build.0 = Release|Win32
		{2EA3DA51-00D2-0262-10DA-A956C9883801}.Debug|Win32.ActiveCfg = Debug|Win32
		{2EA3DA51-00D2-0262-10DA-A956C9883801}.Debug|Win32.Build.0 = Debug|Win32
		{2EA3DA51-00D2-0262-10DA-A956C9883801}.Release|Win32.ActiveCfg = Release|Win32
		{2EA3DA51-00D2-0262-10DA-A956C9883801}.Release|Win32.Build.0 = Release|Win32
		{E7A8B904-0734-0342-16A2-540865C9298F}.Debug|Win32.ActiveCfg = Debug|Win32
		{E7A8B904-0734-0342-16A2-540865C9298F}.Debug|Win32.Build.0 = Debug|Win32
		{E7A8B904-0734-0342-16A2-540865C9298F}.Release|Win32.ActiveCfg = Release|Win32
		{E7A8B904-0734-0342-16A2-540865C9298F}.Release|Win32.Build.0 = Release|Win32
		{47023763-0A84-012A-042B-4A0E0318D75A}.Debug|Win32.ActiveCfg = Debug|Win32
		{47023763-0A84-012A-042B-4A0E0318D75A}.Debug|Win32.Build.0 = Debug|Win32
		{47023763-0A84-012A-042B-4A0E0318D75A}.Release|Win32.ActiveCfg = Release|Win32
		{47023763-0A84-012A-042B-4A0E0318D75A}.Release|Win32.Build.0 = Release|Win32
		{5271A238-0431-066B-094E-6E8568EA8B61}.Debug|Win32.ActiveCfg = Debug|Win32
		{5271A238-0431-066B-094E-6E8568EA8B61}.Debug|Win32.Build.0 = Debug|Win32
		{5271A238-0431-066B-094E-6E8568EA8B61}.Release|Win32.ActiveCfg = Release|Win32
		{5271A238-0431-066B-094E-6E8568EA8B61}.Release|Win32.Build.0 = Release|Win32
		{C1D48C62-0405-13D8-13B5-92964832EEF9}.Debug|Win32.ActiveCfg = Debug|Win32
		{C1D48C62-0405-13D8-13B5-92964832EEF9}.Debug|Win32.Build.0 = Debug|Win32
		{C1D48C62-0405-13D8-13B5-92964832EEF9}.Release|Win32.ActiveCfg = Release|Win32
		{C1D48C62-0405-13D8-13B5-92964832EEF9}.Release|Win32.Build.0 = Release|Win32
		{94B25099-00BA-0F57-053E-BFA4551E7130}.Debug|Win32.ActiveCfg = Debug|Win32
		{94B25099-00BA-0F57-053E-BFA4551E7130}.Debug|Win32.Build.0 = Debug|Win32
		{94B25099-00BA-0F57-053E-BFA4551E7130}.Release|Win32.ActiveCfg = Release|Win32
		{94B25099-00BA-0F57-053E-BFA4551E7130}.Release|Win32.Build.0 = Release|Win32
		{9E7637A1-15DD-00A8-146D-4C57D1619792}.Debug|Win32.ActiveCfg = Debug|Win32
		{9E7637A1-15DD-00A8-146D-4C57D1619792}.Debug|Win32.Build.0 = Debug|Win32
		{9E7637A1-15DD-00A8-146D-4C57D1619792}.Release|Win32.ActiveCfg = Release|Win32
		{9E7637A1-15DD-00A8-146D-4C57D1619792}.Release|Win32.Build.0 = Release|Win32
		{F9665D4C-0923-1455-057D-75A546013F7B}.Debug|Win32.ActiveCfg = Debug|Win32
		{F9665D4C-0923-1455-057D-75A546013F7B}.Debug|Win32.Build.0 = Debug|Win32
		{F9665D4C-0923-1455-057D-75A546013F7B}.Release|Win32.ActiveCfg = Release|Win32
		{F9665D4C-0923-1455-057D-75A546013F7B}.Release|Win32.Build.0 = Release|Win32
		{DE373AD7-03B1-1237-0F05-825941CAE4BC}.Debug|Win32.ActiveCfg = Debug|Win32
		{DE373AD7-03B1-1237-0F05-825941CAE4BC}.Debug|Win32.Build.0 = Debug|Win32
		{DE373AD7-03B1-1237-0F05-825941CAE4BC}.Release|Win32.ActiveCfg = Release|Win32
		{DE373AD7-03B1-1237-0F05-825941CAE4BC}.Release|Win32.Build.0 = Release|Win32
		{CB5483B5-17A6-0E6D-15EC-0E474C5B1A7A}.Debug|Win32.ActiveCfg = Debug|Win32
		{CB5483B5-17A6-0E6D-15EC-0E474C5B1A7A}.Debug|Win32.Build.0 = Debug|Win32
		{CB5483B5-17A6-0E6D-15EC-0E474C5B1A7A}.Release|Win32.ActiveCfg = Release|Win32
		{CB5483B5-17A6-0E6D-15EC-0E474C5B1A7A}.Release|Win32.Build.0 = Release|Win32
	EndGlobalSection
	GlobalSection(SolutionProperties) = preSolution
		HideSolutionNode = FALSE
	EndGlobalSection
	GlobalSection(NestedProjects) = preSolution
		{7D7B2B73-006A-1937-1337-B2A00C0F8CFF} = {F541D43F-1480-10E7-0D9E-5E30444D60E7}
		{1EBB6B54-15B8-0DE8-0FD8-A08ABFAC6D41} = {F541D43F-1480-10E7-0D9E-5E30444D60E7}
		{04E65A2B-187F-03FD-09EF-5F444B621A1B} = {F541D43F-1480-10E7-0D9E-5E30444D60E7}
		{E97FCEE6-00AC-1125-0CEC-70016D6F14CD} = {35FE1EC1-1204-149B-115A-1E33C121B432}
		{A899A8EF-0EEB-137F-07DE-736ABDC96101} = {35FE1EC1-1204-149B-115A-1E33C121B432}
		{E6F99C6D-025C-0EB3-14DB-5C523D0C37FD} = {35FE1EC1-1204-149B-115A-1E33C121B432}
		{45122449-18CA-160E-1480-48C230C197AD} = {35FE1EC1-1204-149B-115A-1E33C121B432}
		{5E47E5AD-0DC1-001A-0FE8-C406D2CAE8DC} = {E73E52E0-08E9-0BF7-180E-B2EA9362194C}
		{67E4F82D-1760-090D-1793-6748721894C5} = {E73E52E0-08E9-0BF7-180E-B2EA9362194C}
		{71D6CBB7-0D80-16B5-0221-10A906E8D47B} = {E73E52E0-08E9-0BF7-180E-B2EA9362194C}
		{BC27EDD3-02EF-0B06-142A-8E7F5BD5E0F9} = {E73E52E0-08E9-0BF7-180E-B2EA9362194C}
		{E8F5147A-1167-0A6C-0D9B-D3BF9AEB50BD} = {E73E52E0-08E9-0BF7-180E-B2EA9362194C}
		{E6EC4756-16F7-123A-0846-C7006CC36926} = {E73E52E0-08E9-0BF7-180E-B2EA9362194C}
		{7E217001-0119-143F-0D11-E0C6E62FCF91} = {E73E52E0-08E9-0BF7-180E-B2EA9362194C}
		{13B401F2-1236-0EE3-0399-B825BC57DDB5} = {E73E52E0-08E9-0BF7-180E-B2EA9362194C}
		{18E06B63-12D4-0BA0-178A-F693D87C5873} = {E73E52E0-08E9-0BF7-180E-B2EA9362194C}
		{F400D445-06C9-1082-089D-B0643B598448} = {E73E52E0-08E9-0BF7-180E-B2EA9362194C}
		{81285411-00B1-053B-076B-9FF6801CB18C} = {E73E52E0-08E9-0BF7-180E-B2EA9362194C}
		{2356A291-0304-1673-0107-05BE3FBC474D} = {E73E52E0-08E9-0BF7-180E-B2EA9362194C}
		{47B717C6-0DE6-0C27-0D07-073321450306} = {BEDB40B1-0AC5-04E9-0779-7ED90839AD4F}
		{26027A19-1756-1532-1653-CF4C8E316384} = {BEDB40B1-0AC5-04E9-0779-7ED90839AD4F}
		{FEE1FC84-05A5-1520-01A7-FEC0D80BCBA0} = {BEDB40B1-0AC5-04E9-0779-7ED90839AD4F}
		{AE0AD33C-085E-12E0-186C-44285A7DE9AF} = {BEDB40B1-0AC5-04E9-0779-7ED90839AD4F}
		{CC993F37-04AC-0CF1-1286-FF1A2B1E6D60} = {BEDB40B1-0AC5-04E9-0779-7ED90839AD4F}
		{79800EF1-0262-1428-0D6B-CAB880C913BA} = {BEDB40B1-0AC5-04E9-0779-7ED90839AD4F}
		{899C356E-0A27-0BA6-17BA-F6B8BC16804F} = {BEDB40B1-0AC5-04E9-0779-7ED90839AD4F}
		{6C9511F4-1923-0054-1286-F00A574F6CF0} = {65ED3834-03A2-0466-0923-4D758BC995CE}
		{CDAD789A-0E4F-0485-0D0B-8B401FC80B41} = {65ED3834-03A2-0466-0923-4D758BC995CE}
		{F212F1A3-0ED9-15A2-03AF-DA65B214217A} = {65ED3834-03A2-0466-0923-4D758BC995CE}
		{7C531E86-1349-1933-0F47-9CAC0F74D45F} = {65ED3834-03A2-0466-0923-4D758BC995CE}
		{9A00EA91-12A6-03C6-0BFC-10CE1A8FF8EC} = {65ED3834-03A2-0466-0923-4D758BC995CE}
		{BD065ACB-0022-00FD-189D-B2F0118F2D62} = {65ED3834-03A2-0466-0923-4D758BC995CE}
		{03E30303-007A-1014-052C-BD8AC451BB23} = {65ED3834-03A2-0466-0923-4D758BC995CE}
		{0E0C34EE-02A3-01A5-1987-C3835E08E1DC} = {65ED3834-03A2-0466-0923-4D758BC995CE}
		{3BFCB16D-058E-01FF-0033-AC4F24E31EFC} = {65ED3834-03A2-0466-0923-4D758BC995CE}
		{D3C48108-13E9-063A-179D-89FB660436F4} = {65ED3834-03A2-0466-0923-4D758BC995CE}
		{CEDEF3FE-0D2C-0A02-0CB8-CB41784B857F} = {65ED3834-03A2-0466-0923-4D758BC995CE}
		{AF30875C-1725-061B-073F-38ACD2E7D3BB} = {65ED3834-03A2-0466-0923-4D758BC995CE}
		{2F76D06F-1541-0733-02DD-A641FF96CE59} = {65ED3834-03A2-0466-0923-4D758BC995CE}
		{02D8D559-0F75-122E-0F13-9FC7FA9F0F1C} = {65ED3834-03A2-0466-0923-4D758BC995CE}
		{028943F9-17E2-0484-0843-23B1CA363CDC} = {65ED3834-03A2-0466-0923-4D758BC995CE}
		{D1E649AF-0368-0BA0-079B-872320835A3A} = {65ED3834-03A2-0466-0923-4D758BC995CE}
		{AC342AE6-1849-06A7-18A1-AF681E1543F8} = {65ED3834-03A2-0466-0923-4D758BC995CE}
		{A5496E87-16BD-0B6D-16A8-E3CB8A9737F3} = {65ED3834-03A2-0466-0923-4D758BC995CE}
		{F77AB36A-16FA-09B1-0156-88AB02B56805} = {A0C5532F-119D-0E96-0E28-32CB2AD6BBD9}
		{5E71C712-0637-0D92-141E-B5808B72ABF6} = {A0C5532F-119D-0E96-0E28-32CB2AD6BBD9}
		{8018B7E5-1843-0702-1970-E06E50585CEE} = {A0C5532F-119D-0E96-0E28-32CB2AD6BBD9}
		{DA30F095-067A-1979-049E-845C365D39B9} = {A0C5532F-119D-0E96-0E28-32CB2AD6BBD9}
		{77E3226A-183A-0D34-0ABC-10642C0351D5} = {A0C5532F-119D-0E96-0E28-32CB2AD6BBD9}
		{F0A0CE2E-00C2-1623-1108-6EE6A9E5E9F5} = {A0C5532F-119D-0E96-0E28-32CB2AD6BBD9}
		{04A96D64-185B-0FA4-0609-37C62F71C576} = {A0C5532F-119D-0E96-0E28-32CB2AD6BBD9}
		{58A685AF-085C-0E83-00C5-15F9B6B7C434} = {A0C5532F-119D-0E96-0E28-32CB2AD6BBD9}
		{89A55EDD-1049-1367-0DC7-47A03D9F1F5B} = {A0C5532F-119D-0E96-0E28-32CB2AD6BBD9}
		{D4AF212D-0CD1-08BD-03D9-65A1F9729296} = {A0C5532F-119D-0E96-0E28-32CB2AD6BBD9}
		{5803F86F-0033-1382-135C-7A99B4109BA1} = {A0C5532F-119D-0E96-0E28-32CB2AD6BBD9}
		{86E209AE-0D48-05F7-07D1-0D97B54E3CB5} = {A0C5532F-119D-0E96-0E28-32CB2AD6BBD9}
		{2EA3DA51-00D2-0262-10DA-A956C9883801} = {A0C5532F-119D-0E96-0E28-32CB2AD6BBD9}
		{E7A8B904-0734-0342-16A2-540865C9298F} = {A0C5532F-119D-0E96-0E28-32CB2AD6BBD9}
		{47023763-0A84-012A-042B-4A0E0318D75A} = {D5A17EAB-0C73-0B68-0EB3-868415717A0F}
		{5271A238-0431-066B-094E-6E8568EA8B61} = {D5A17EAB-0C73-0B68-0EB3-868415717A0F}
		{C1D48C62-0405-13D8-13B5-92964832EEF9} = {D5A17EAB-0C73-0B68-0EB3-868415717A0F}
		{94B25099-00BA-0F57-053E-BFA4551E7130} = {D5A17EAB-0C73-0B68-0EB3-868415717A0F}
		{9E7637A1-15DD-00A8-146D-4C57D1619792} = {D5A17EAB-0C73-0B68-0EB3-868415717A0F}
		{F9665D4C-0923-1455-057D-75A546013F7B} = {D5A17EAB-0C73-0B68-0EB3-868415717A0F}
		{DE373AD7-03B1-1237-0F05-825941CAE4BC} = {D5A17EAB-0C73-0B68-0EB3-868415717A0F}
		{CB5483B5-17A6-0E6D-15EC-0E474C5B1A7A} = {D5A17EAB-0C73-0B68-0EB3-868415717A0F}
	EndGlobalSection
EndGlobal
