Microsoft Visual Studio Solution File, Format Version 11.00
# Visual Studio 2010
Project("{8BC9CEB8-8B4A-11D0-8D11-00A0C91BC942}") = "TKService", "TKService.vcxproj", "{47B717C6-0DE6-0C27-0D07-073321450306}"
EndProject
Project("{8BC9CEB8-8B4A-11D0-8D11-00A0C91BC942}") = "TKV2d", "TKV2d.vcxproj", "{26027A19-1756-1532-1653-CF4C8E316384}"
	ProjectSection(ProjectDependencies) = postProject
		{47B717C6-0DE6-0C27-0D07-073321450306} = {47B717C6-0DE6-0C27-0D07-073321450306}
	EndProjectSection
EndProject
Project("{8BC9CEB8-8B4A-11D0-8D11-00A0C91BC942}") = "TKV3d", "TKV3d.vcxproj", "{FEE1FC84-05A5-1520-01A7-FEC0D80BCBA0}"
	ProjectSection(ProjectDependencies) = postProject
		{26027A19-1756-1532-1653-CF4C8E316384} = {26027A19-1756-1532-1653-CF4C8E316384}
		{47B717C6-0DE6-0C27-0D07-073321450306} = {47B717C6-0DE6-0C27-0D07-073321450306}
	EndProjectSection
EndProject
Project("{8BC9CEB8-8B4A-11D0-8D11-00A0C91BC942}") = "TKOpenGl", "TKOpenGl.vcxproj", "{AE0AD33C-085E-12E0-186C-44285A7DE9AF}"
	ProjectSection(ProjectDependencies) = postProject
		{FEE1FC84-05A5-1520-01A7-FEC0D80BCBA0} = {FEE1FC84-05A5-1520-01A7-FEC0D80BCBA0}
		{47B717C6-0DE6-0C27-0D07-073321450306} = {47B717C6-0DE6-0C27-0D07-073321450306}
	EndProjectSection
EndProject
Project("{8BC9CEB8-8B4A-11D0-8D11-00A0C91BC942}") = "TKMeshVS", "TKMeshVS.vcxproj", "{CC993F37-04AC-0CF1-1286-FF1A2B1E6D60}"
	ProjectSection(ProjectDependencies) = postProject
		{FEE1FC84-05A5-1520-01A7-FEC0D80BCBA0} = {FEE1FC84-05A5-1520-01A7-FEC0D80BCBA0}
		{47B717C6-0DE6-0C27-0D07-073321450306} = {47B717C6-0DE6-0C27-0D07-073321450306}
		{26027A19-1756-1532-1653-CF4C8E316384} = {26027A19-1756-1532-1653-CF4C8E316384}
	EndProjectSection
EndProject
Project("{8BC9CEB8-8B4A-11D0-8D11-00A0C91BC942}") = "TKNIS", "TKNIS.vcxproj", "{79800EF1-0262-1428-0D6B-CAB880C913BA}"
	ProjectSection(ProjectDependencies) = postProject
		{FEE1FC84-05A5-1520-01A7-FEC0D80BCBA0} = {FEE1FC84-05A5-1520-01A7-FEC0D80BCBA0}
		{47B717C6-0DE6-0C27-0D07-073321450306} = {47B717C6-0DE6-0C27-0D07-073321450306}
	EndProjectSection
EndProject
Project("{8BC9CEB8-8B4A-11D0-8D11-00A0C91BC942}") = "TKVoxel", "TKVoxel.vcxproj", "{899C356E-0A27-0BA6-17BA-F6B8BC16804F}"
	ProjectSection(ProjectDependencies) = postProject
		{FEE1FC84-05A5-1520-01A7-FEC0D80BCBA0} = {FEE1FC84-05A5-1520-01A7-FEC0D80BCBA0}
		{47B717C6-0DE6-0C27-0D07-073321450306} = {47B717C6-0DE6-0C27-0D07-073321450306}
		{26027A19-1756-1532-1653-CF4C8E316384} = {26027A19-1756-1532-1653-CF4C8E316384}
	EndProjectSection
EndProject
Global
	GlobalSection(SolutionConfigurationPlatforms) = preSolution
		Debug|Win32 = Debug|Win32
		Release|Win32 = Release|Win32
	EndGlobalSection
	GlobalSection(ProjectConfigurationPlatforms) = postSolution
		{47B717C6-0DE6-0C27-0D07-073321450306}.Debug|Win32.ActiveCfg = Debug|Win32
		{47B717C6-0DE6-0C27-0D07-073321450306}.Debug|Win32.Build.0 = Debug|Win32
		{47B717C6-0DE6-0C27-0D07-073321450306}.Release|Win32.ActiveCfg = Release|Win32
		{47B717C6-0DE6-0C27-0D07-073321450306}.Release|Win32.Build.0 = Release|Win32
		{26027A19-1756-1532-1653-CF4C8E316384}.Debug|Win32.ActiveCfg = Debug|Win32
		{26027A19-1756-1532-1653-CF4C8E316384}.Debug|Win32.Build.0 = Debug|Win32
		{26027A19-1756-1532-1653-CF4C8E316384}.Release|Win32.ActiveCfg = Release|Win32
		{26027A19-1756-1532-1653-CF4C8E316384}.Release|Win32.Build.0 = Release|Win32
		{FEE1FC84-05A5-1520-01A7-FEC0D80BCBA0}.Debug|Win32.ActiveCfg = Debug|Win32
		{FEE1FC84-05A5-1520-01A7-FEC0D80BCBA0}.Debug|Win32.Build.0 = Debug|Win32
		{FEE1FC84-05A5-1520-01A7-FEC0D80BCBA0}.Release|Win32.ActiveCfg = Release|Win32
		{FEE1FC84-05A5-1520-01A7-FEC0D80BCBA0}.Release|Win32.Build.0 = Release|Win32
		{AE0AD33C-085E-12E0-186C-44285A7DE9AF}.Debug|Win32.ActiveCfg = Debug|Win32
		{AE0AD33C-085E-12E0-186C-44285A7DE9AF}.Debug|Win32.Build.0 = Debug|Win32
		{AE0AD33C-085E-12E0-186C-44285A7DE9AF}.Release|Win32.ActiveCfg = Release|Win32
		{AE0AD33C-085E-12E0-186C-44285A7DE9AF}.Release|Win32.Build.0 = Release|Win32
		{CC993F37-04AC-0CF1-1286-FF1A2B1E6D60}.Debug|Win32.ActiveCfg = Debug|Win32
		{CC993F37-04AC-0CF1-1286-FF1A2B1E6D60}.Debug|Win32.Build.0 = Debug|Win32
		{CC993F37-04AC-0CF1-1286-FF1A2B1E6D60}.Release|Win32.ActiveCfg = Release|Win32
		{CC993F37-04AC-0CF1-1286-FF1A2B1E6D60}.Release|Win32.Build.0 = Release|Win32
		{79800EF1-0262-1428-0D6B-CAB880C913BA}.Debug|Win32.ActiveCfg = Debug|Win32
		{79800EF1-0262-1428-0D6B-CAB880C913BA}.Debug|Win32.Build.0 = Debug|Win32
		{79800EF1-0262-1428-0D6B-CAB880C913BA}.Release|Win32.ActiveCfg = Release|Win32
		{79800EF1-0262-1428-0D6B-CAB880C913BA}.Release|Win32.Build.0 = Release|Win32
		{899C356E-0A27-0BA6-17BA-F6B8BC16804F}.Debug|Win32.ActiveCfg = Debug|Win32
		{899C356E-0A27-0BA6-17BA-F6B8BC16804F}.Debug|Win32.Build.0 = Debug|Win32
		{899C356E-0A27-0BA6-17BA-F6B8BC16804F}.Release|Win32.ActiveCfg = Release|Win32
		{899C356E-0A27-0BA6-17BA-F6B8BC16804F}.Release|Win32.Build.0 = Release|Win32
	EndGlobalSection
	GlobalSection(SolutionProperties) = preSolution
		HideSolutionNode = FALSE
	EndGlobalSection
EndGlobal
